// !$*UTF8*$!
{
	archiveVersion = 1;
	classes = {
	};
	objectVersion = 56;
	objects = {

/* Begin PBXBuildFile section */
		2D3B27B328EF218F00529B3D /* Cocoa_Pr_L84_NSPreferencePane.tiff in Resources */ = {isa = PBXBuildFile; fileRef = 2D3B27B228EF218F00529B3D /* Cocoa_Pr_L84_NSPreferencePane.tiff */; };
		2D3B27B628EF218F00529B3D /* Cocoa_Pr_L84_NSPreferencePane.xib in Resources */ = {isa = PBXBuildFile; fileRef = 2D3B27B428EF218F00529B3D /* Cocoa_Pr_L84_NSPreferencePane.xib */; };
		2D3B27BE28EF21B100529B3D /* Lesson 84.swift in Sources */ = {isa = PBXBuildFile; fileRef = 2D3B27BD28EF21B100529B3D /* Lesson 84.swift */; };
/* End PBXBuildFile section */

/* Begin PBXFileReference section */
		2D3B27AB28EF218F00529B3D /* Cocoa Pr L84 NSPreferencePane.prefPane */ = {isa = PBXFileReference; explicitFileType = wrapper.cfbundle; includeInIndex = 0; path = "Cocoa Pr L84 NSPreferencePane.prefPane"; sourceTree = BUILT_PRODUCTS_DIR; };
		2D3B27B228EF218F00529B3D /* Cocoa_Pr_L84_NSPreferencePane.tiff */ = {isa = PBXFileReference; lastKnownFileType = image.tiff; path = Cocoa_Pr_L84_NSPreferencePane.tiff; sourceTree = "<group>"; };
		2D3B27B528EF218F00529B3D /* Base */ = {isa = PBXFileReference; lastKnownFileType = file.xib; name = Base; path = Base.lproj/Cocoa_Pr_L84_NSPreferencePane.xib; sourceTree = "<group>"; };
		2D3B27B728EF218F00529B3D /* Info.plist */ = {isa = PBXFileReference; lastKnownFileType = text.plist.xml; path = Info.plist; sourceTree = "<group>"; };
		2D3B27BD28EF21B100529B3D /* Lesson 84.swift */ = {isa = PBXFileReference; lastKnownFileType = sourcecode.swift; path = "Lesson 84.swift"; sourceTree = "<group>"; };
/* End PBXFileReference section */

/* Begin PBXFrameworksBuildPhase section */
		2D3B27A828EF218F00529B3D /* Frameworks */ = {
			isa = PBXFrameworksBuildPhase;
			buildActionMask = 2147483647;
			files = (
			);
			runOnlyForDeploymentPostprocessing = 0;
		};
/* End PBXFrameworksBuildPhase section */

/* Begin PBXGroup section */
		2D3B27A128EF218F00529B3D = {
			isa = PBXGroup;
			children = (
				2D3B27AD28EF218F00529B3D /* Cocoa Pr L84 NSPreferencePane */,
				2D3B27AC28EF218F00529B3D /* Products */,
			);
			sourceTree = "<group>";
		};
		2D3B27AC28EF218F00529B3D /* Products */ = {
			isa = PBXGroup;
			children = (
				2D3B27AB28EF218F00529B3D /* Cocoa Pr L84 NSPreferencePane.prefPane */,
			);
			name = Products;
			sourceTree = "<group>";
		};
		2D3B27AD28EF218F00529B3D /* Cocoa Pr L84 NSPreferencePane */ = {
			isa = PBXGroup;
			children = (
				2D3B27B228EF218F00529B3D /* Cocoa_Pr_L84_NSPreferencePane.tiff */,
				2D3B27B428EF218F00529B3D /* Cocoa_Pr_L84_NSPreferencePane.xib */,
				2D3B27B728EF218F00529B3D /* Info.plist */,
				2D3B27BD28EF21B100529B3D /* Lesson 84.swift */,
			);
			path = "Cocoa Pr L84 NSPreferencePane";
			sourceTree = "<group>";
		};
/* End PBXGroup section */

/* Begin PBXHeadersBuildPhase section */
		2D3B27A628EF218F00529B3D /* Headers */ = {
			isa = PBXHeadersBuildPhase;
			buildActionMask = 2147483647;
			files = (
			);
			runOnlyForDeploymentPostprocessing = 0;
		};
/* End PBXHeadersBuildPhase section */

/* Begin PBXNativeTarget section */
		2D3B27AA28EF218F00529B3D /* Cocoa Pr L84 NSPreferencePane */ = {
			isa = PBXNativeTarget;
			buildConfigurationList = 2D3B27BA28EF218F00529B3D /* Build configuration list for PBXNativeTarget "Cocoa Pr L84 NSPreferencePane" */;
			buildPhases = (
				2D3B27A628EF218F00529B3D /* Headers */,
				2D3B27A728EF218F00529B3D /* Sources */,
				2D3B27A828EF218F00529B3D /* Frameworks */,
				2D3B27A928EF218F00529B3D /* Resources */,
			);
			buildRules = (
			);
			dependencies = (
			);
			name = "Cocoa Pr L84 NSPreferencePane";
			productName = "Cocoa Pr L84 NSPreferencePane";
			productReference = 2D3B27AB28EF218F00529B3D /* Cocoa Pr L84 NSPreferencePane.prefPane */;
			productType = "com.apple.product-type.bundle";
		};
/* End PBXNativeTarget section */

/* Begin PBXProject section */
		2D3B27A228EF218F00529B3D /* Project object */ = {
			isa = PBXProject;
			attributes = {
				BuildIndependentTargetsInParallel = 1;
				LastUpgradeCheck = 1400;
				TargetAttributes = {
					2D3B27AA28EF218F00529B3D = {
						CreatedOnToolsVersion = 14.0.1;
						LastSwiftMigration = 1400;
					};
				};
			};
			buildConfigurationList = 2D3B27A528EF218F00529B3D /* Build configuration list for PBXProject "Cocoa Pr L84 NSPreferencePane" */;
			compatibilityVersion = "Xcode 14.0";
			developmentRegion = en;
			hasScannedForEncodings = 0;
			knownRegions = (
				en,
				Base,
			);
			mainGroup = 2D3B27A128EF218F00529B3D;
			productRefGroup = 2D3B27AC28EF218F00529B3D /* Products */;
			projectDirPath = "";
			projectRoot = "";
			targets = (
				2D3B27AA28EF218F00529B3D /* Cocoa Pr L84 NSPreferencePane */,
			);
		};
/* End PBXProject section */

/* Begin PBXResourcesBuildPhase section */
		2D3B27A928EF218F00529B3D /* Resources */ = {
			isa = PBXResourcesBuildPhase;
			buildActionMask = 2147483647;
			files = (
				2D3B27B628EF218F00529B3D /* Cocoa_Pr_L84_NSPreferencePane.xib in Resources */,
				2D3B27B328EF218F00529B3D /* Cocoa_Pr_L84_NSPreferencePane.tiff in Resources */,
			);
			runOnlyForDeploymentPostprocessing = 0;
		};
/* End PBXResourcesBuildPhase section */

/* Begin PBXSourcesBuildPhase section */
		2D3B27A728EF218F00529B3D /* Sources */ = {
			isa = PBXSourcesBuildPhase;
			buildActionMask = 2147483647;
			files = (
				2D3B27BE28EF21B100529B3D /* Lesson 84.swift in Sources */,
			);
			runOnlyForDeploymentPostprocessing = 0;
		};
/* End PBXSourcesBuildPhase section */

/* Begin PBXVariantGroup section */
		2D3B27B428EF218F00529B3D /* Cocoa_Pr_L84_NSPreferencePane.xib */ = {
			isa = PBXVariantGroup;
			children = (
				2D3B27B528EF218F00529B3D /* Base */,
			);
			name = Cocoa_Pr_L84_NSPreferencePane.xib;
			sourceTree = "<group>";
		};
/* End PBXVariantGroup section */

/* Begin XCBuildConfiguration section */
		2D3B27B828EF218F00529B3D /* Debug */ = {
			isa = XCBuildConfiguration;
			buildSettings = {
				ALWAYS_SEARCH_USER_PATHS = NO;
				CLANG_ANALYZER_NONNULL = YES;
				CLANG_ANALYZER_NUMBER_OBJECT_CONVERSION = YES_AGGRESSIVE;
				CLANG_CXX_LANGUAGE_STANDARD = "gnu++20";
				CLANG_ENABLE_MODULES = YES;
				CLANG_ENABLE_OBJC_ARC = YES;
				CLANG_ENABLE_OBJC_WEAK = YES;
				CLANG_WARN_BLOCK_CAPTURE_AUTORELEASING = YES;
				CLANG_WARN_BOOL_CONVERSION = YES;
				CLANG_WARN_COMMA = YES;
				CLANG_WARN_CONSTANT_CONVERSION = YES;
				CLANG_WARN_DEPRECATED_OBJC_IMPLEMENTATIONS = YES;
				CLANG_WARN_DIRECT_OBJC_ISA_USAGE = YES_ERROR;
				CLANG_WARN_DOCUMENTATION_COMMENTS = YES;
				CLANG_WARN_EMPTY_BODY = YES;
				CLANG_WARN_ENUM_CONVERSION = YES;
				CLANG_WARN_INFINITE_RECURSION = YES;
				CLANG_WARN_INT_CONVERSION = YES;
				CLANG_WARN_NON_LITERAL_NULL_CONVERSION = YES;
				CLANG_WARN_OBJC_IMPLICIT_RETAIN_SELF = YES;
				CLANG_WARN_OBJC_LITERAL_CONVERSION = YES;
				CLANG_WARN_OBJC_ROOT_CLASS = YES_ERROR;
				CLANG_WARN_QUOTED_INCLUDE_IN_FRAMEWORK_HEADER = YES;
				CLANG_WARN_RANGE_LOOP_ANALYSIS = YES;
				CLANG_WARN_STRICT_PROTOTYPES = YES;
				CLANG_WARN_SUSPICIOUS_MOVE = YES;
				CLANG_WARN_UNGUARDED_AVAILABILITY = YES_AGGRESSIVE;
				CLANG_WARN_UNREACHABLE_CODE = YES;
				CLANG_WARN__DUPLICATE_METHOD_MATCH = YES;
				COPY_PHASE_STRIP = NO;
				DEBUG_INFORMATION_FORMAT = dwarf;
				ENABLE_STRICT_OBJC_MSGSEND = YES;
				ENABLE_TESTABILITY = YES;
				GCC_C_LANGUAGE_STANDARD = gnu11;
				GCC_DYNAMIC_NO_PIC = NO;
				GCC_NO_COMMON_BLOCKS = YES;
				GCC_OPTIMIZATION_LEVEL = 0;
				GCC_PREPROCESSOR_DEFINITIONS = (
					"DEBUG=1",
					"$(inherited)",
				);
				GCC_WARN_64_TO_32_BIT_CONVERSION = YES;
				GCC_WARN_ABOUT_RETURN_TYPE = YES_ERROR;
				GCC_WARN_UNDECLARED_SELECTOR = YES;
				GCC_WARN_UNINITIALIZED_AUTOS = YES_AGGRESSIVE;
				GCC_WARN_UNUSED_FUNCTION = YES;
				GCC_WARN_UNUSED_VARIABLE = YES;
				MACOSX_DEPLOYMENT_TARGET = 12.3;
				MTL_ENABLE_DEBUG_INFO = INCLUDE_SOURCE;
				MTL_FAST_MATH = YES;
				ONLY_ACTIVE_ARCH = YES;
				SDKROOT = macosx;
			};
			name = Debug;
		};
		2D3B27B928EF218F00529B3D /* Release */ = {
			isa = XCBuildConfiguration;
			buildSettings = {
				ALWAYS_SEARCH_USER_PATHS = NO;
				CLANG_ANALYZER_NONNULL = YES;
				CLANG_ANALYZER_NUMBER_OBJECT_CONVERSION = YES_AGGRESSIVE;
				CLANG_CXX_LANGUAGE_STANDARD = "gnu++20";
				CLANG_ENABLE_MODULES = YES;
				CLANG_ENABLE_OBJC_ARC = YES;
				CLANG_ENABLE_OBJC_WEAK = YES;
				CLANG_WARN_BLOCK_CAPTURE_AUTORELEASING = YES;
				CLANG_WARN_BOOL_CONVERSION = YES;
				CLANG_WARN_COMMA = YES;
				CLANG_WARN_CONSTANT_CONVERSION = YES;
				CLANG_WARN_DEPRECATED_OBJC_IMPLEMENTATIONS = YES;
				CLANG_WARN_DIRECT_OBJC_ISA_USAGE = YES_ERROR;
				CLANG_WARN_DOCUMENTATION_COMMENTS = YES;
				CLANG_WARN_EMPTY_BODY = YES;
				CLANG_WARN_ENUM_CONVERSION = YES;
				CLANG_WARN_INFINITE_RECURSION = YES;
				CLANG_WARN_INT_CONVERSION = YES;
				CLANG_WARN_NON_LITERAL_NULL_CONVERSION = YES;
				CLANG_WARN_OBJC_IMPLICIT_RETAIN_SELF = YES;
				CLANG_WARN_OBJC_LITERAL_CONVERSION = YES;
				CLANG_WARN_OBJC_ROOT_CLASS = YES_ERROR;
				CLANG_WARN_QUOTED_INCLUDE_IN_FRAMEWORK_HEADER = YES;
				CLANG_WARN_RANGE_LOOP_ANALYSIS = YES;
				CLANG_WARN_STRICT_PROTOTYPES = YES;
				CLANG_WARN_SUSPICIOUS_MOVE = YES;
				CLANG_WARN_UNGUARDED_AVAILABILITY = YES_AGGRESSIVE;
				CLANG_WARN_UNREACHABLE_CODE = YES;
				CLANG_WARN__DUPLICATE_METHOD_MATCH = YES;
				COPY_PHASE_STRIP = NO;
				DEBUG_INFORMATION_FORMAT = "dwarf-with-dsym";
				ENABLE_NS_ASSERTIONS = NO;
				ENABLE_STRICT_OBJC_MSGSEND = YES;
				GCC_C_LANGUAGE_STANDARD = gnu11;
				GCC_NO_COMMON_BLOCKS = YES;
				GCC_WARN_64_TO_32_BIT_CONVERSION = YES;
				GCC_WARN_ABOUT_RETURN_TYPE = YES_ERROR;
				GCC_WARN_UNDECLARED_SELECTOR = YES;
				GCC_WARN_UNINITIALIZED_AUTOS = YES_AGGRESSIVE;
				GCC_WARN_UNUSED_FUNCTION = YES;
				GCC_WARN_UNUSED_VARIABLE = YES;
				MACOSX_DEPLOYMENT_TARGET = 12.3;
				MTL_ENABLE_DEBUG_INFO = NO;
				MTL_FAST_MATH = YES;
				SDKROOT = macosx;
			};
			name = Release;
		};
		2D3B27BB28EF218F00529B3D /* Debug */ = {
			isa = XCBuildConfiguration;
			buildSettings = {
				CLANG_ENABLE_MODULES = YES;
				CODE_SIGN_STYLE = Automatic;
				COMBINE_HIDPI_IMAGES = YES;
				CURRENT_PROJECT_VERSION = 1;
				DEVELOPMENT_TEAM = 68Z4323Q26;
				GENERATE_INFOPLIST_FILE = YES;
				INFOPLIST_FILE = "Cocoa Pr L84 NSPreferencePane/Info.plist";
				INFOPLIST_KEY_NSHumanReadableCopyright = "";
				INFOPLIST_KEY_NSMainNibFile = Cocoa_Pr_L84_NSPreferencePane;
				INFOPLIST_KEY_NSPrincipalClass = Cocoa_Pr_L84_NSPreferencePane;
				INSTALL_PATH = "$(HOME)/Library/PreferencePanes";
				LD_RUNPATH_SEARCH_PATHS = (
					"$(inherited)",
					"@executable_path/../Frameworks",
					"@loader_path/../Frameworks",
				);
				MARKETING_VERSION = 1.0;
				PRODUCT_BUNDLE_IDENTIFIER = "com.michelegalvagno.Cocoa-Pr-L84-NSPreferencePane";
				PRODUCT_NAME = "$(TARGET_NAME)";
				SWIFT_EMIT_LOC_STRINGS = YES;
				SWIFT_OPTIMIZATION_LEVEL = "-Onone";
				SWIFT_VERSION = 5.0;
				WRAPPER_EXTENSION = prefPane;
			};
			name = Debug;
		};
		2D3B27BC28EF218F00529B3D /* Release */ = {
			isa = XCBuildConfiguration;
			buildSettings = {
				CLANG_ENABLE_MODULES = YES;
				CODE_SIGN_STYLE = Automatic;
				COMBINE_HIDPI_IMAGES = YES;
				CURRENT_PROJECT_VERSION = 1;
				DEVELOPMENT_TEAM = 68Z4323Q26;
				GENERATE_INFOPLIST_FILE = YES;
				INFOPLIST_FILE = "Cocoa Pr L84 NSPreferencePane/Info.plist";
				INFOPLIST_KEY_NSHumanReadableCopyright = "";
				INFOPLIST_KEY_NSMainNibFile = Cocoa_Pr_L84_NSPreferencePane;
				INFOPLIST_KEY_NSPrincipalClass = Cocoa_Pr_L84_NSPreferencePane;
				INSTALL_PATH = "$(HOME)/Library/PreferencePanes";
				LD_RUNPATH_SEARCH_PATHS = (
					"$(inherited)",
					"@executable_path/../Frameworks",
					"@loader_path/../Frameworks",
				);
				MARKETING_VERSION = 1.0;
				PRODUCT_BUNDLE_IDENTIFIER = "com.michelegalvagno.Cocoa-Pr-L84-NSPreferencePane";
				PRODUCT_NAME = "$(TARGET_NAME)";
				SWIFT_EMIT_LOC_STRINGS = YES;
				SWIFT_VERSION = 5.0;
				WRAPPER_EXTENSION = prefPane;
			};
			name = Release;
		};
/* End XCBuildConfiguration section */

/* Begin XCConfigurationList section */
		2D3B27A528EF218F00529B3D /* Build configuration list for PBXProject "Cocoa Pr L84 NSPreferencePane" */ = {
			isa = XCConfigurationList;
			buildConfigurations = (
				2D3B27B828EF218F00529B3D /* Debug */,
				2D3B27B928EF218F00529B3D /* Release */,
			);
			defaultConfigurationIsVisible = 0;
			defaultConfigurationName = Release;
		};
		2D3B27BA28EF218F00529B3D /* Build configuration list for PBXNativeTarget "Cocoa Pr L84 NSPreferencePane" */ = {
			isa = XCConfigurationList;
			buildConfigurations = (
				2D3B27BB28EF218F00529B3D /* Debug */,
				2D3B27BC28EF218F00529B3D /* Release */,
			);
			defaultConfigurationIsVisible = 0;
			defaultConfigurationName = Release;
		};
/* End XCConfigurationList section */
	};
	rootObject = 2D3B27A228EF218F00529B3D /* Project object */;
}
