// !$*UTF8*$!
{
	archiveVersion = 1;
	classes = {
	};
	objectVersion = 55;
	objects = {

/* Begin PBXBuildFile section */
		2DEC141B2889990200B97E4E /* CollectionViewItem.xib in Resources */ = {isa = PBXBuildFile; fileRef = 2DF8798D28804B6600AADF56 /* CollectionViewItem.xib */; };
		2DF8797828804A6D00AADF56 /* AppDelegate.m in Sources */ = {isa = PBXBuildFile; fileRef = 2DF8797728804A6D00AADF56 /* AppDelegate.m */; };
		2DF8797A28804A6F00AADF56 /* Assets.xcassets in Resources */ = {isa = PBXBuildFile; fileRef = 2DF8797928804A6F00AADF56 /* Assets.xcassets */; };
		2DF8797D28804A6F00AADF56 /* MainMenu.xib in Resources */ = {isa = PBXBuildFile; fileRef = 2DF8797B28804A6F00AADF56 /* MainMenu.xib */; };
		2DF8797F28804A6F00AADF56 /* main.m in Sources */ = {isa = PBXBuildFile; fileRef = 2DF8797E28804A6F00AADF56 /* main.m */; };
		2DF8798928804AA600AADF56 /* CollectionViewController.m in Sources */ = {isa = PBXBuildFile; fileRef = 2DF8798728804AA600AADF56 /* CollectionViewController.m */; };
		2DF8798A28804AA600AADF56 /* CollectionViewController.xib in Resources */ = {isa = PBXBuildFile; fileRef = 2DF8798828804AA600AADF56 /* CollectionViewController.xib */; };
		2DF8798E28804B6600AADF56 /* CollectionViewItem.m in Sources */ = {isa = PBXBuildFile; fileRef = 2DF8798C28804B6600AADF56 /* CollectionViewItem.m */; };
/* End PBXBuildFile section */

/* Begin PBXFileReference section */
		2DF8797328804A6D00AADF56 /* Cocoa Pr L68 ObjC.app */ = {isa = PBXFileReference; explicitFileType = wrapper.application; includeInIndex = 0; path = "Cocoa Pr L68 ObjC.app"; sourceTree = BUILT_PRODUCTS_DIR; };
		2DF8797628804A6D00AADF56 /* AppDelegate.h */ = {isa = PBXFileReference; lastKnownFileType = sourcecode.c.h; path = AppDelegate.h; sourceTree = "<group>"; };
		2DF8797728804A6D00AADF56 /* AppDelegate.m */ = {isa = PBXFileReference; lastKnownFileType = sourcecode.c.objc; path = AppDelegate.m; sourceTree = "<group>"; };
		2DF8797928804A6F00AADF56 /* Assets.xcassets */ = {isa = PBXFileReference; lastKnownFileType = folder.assetcatalog; path = Assets.xcassets; sourceTree = "<group>"; };
		2DF8797C28804A6F00AADF56 /* Base */ = {isa = PBXFileReference; lastKnownFileType = file.xib; name = Base; path = Base.lproj/MainMenu.xib; sourceTree = "<group>"; };
		2DF8797E28804A6F00AADF56 /* main.m */ = {isa = PBXFileReference; lastKnownFileType = sourcecode.c.objc; path = main.m; sourceTree = "<group>"; };
		2DF8798028804A6F00AADF56 /* Cocoa_Pr_L68_ObjC.entitlements */ = {isa = PBXFileReference; lastKnownFileType = text.plist.entitlements; path = Cocoa_Pr_L68_ObjC.entitlements; sourceTree = "<group>"; };
		2DF8798628804AA600AADF56 /* CollectionViewController.h */ = {isa = PBXFileReference; lastKnownFileType = sourcecode.c.h; path = CollectionViewController.h; sourceTree = "<group>"; };
		2DF8798728804AA600AADF56 /* CollectionViewController.m */ = {isa = PBXFileReference; lastKnownFileType = sourcecode.c.objc; path = CollectionViewController.m; sourceTree = "<group>"; };
		2DF8798828804AA600AADF56 /* CollectionViewController.xib */ = {isa = PBXFileReference; lastKnownFileType = file.xib; path = CollectionViewController.xib; sourceTree = "<group>"; };
		2DF8798B28804B6600AADF56 /* CollectionViewItem.h */ = {isa = PBXFileReference; lastKnownFileType = sourcecode.c.h; path = CollectionViewItem.h; sourceTree = "<group>"; };
		2DF8798C28804B6600AADF56 /* CollectionViewItem.m */ = {isa = PBXFileReference; lastKnownFileType = sourcecode.c.objc; path = CollectionViewItem.m; sourceTree = "<group>"; };
		2DF8798D28804B6600AADF56 /* CollectionViewItem.xib */ = {isa = PBXFileReference; lastKnownFileType = file.xib; path = CollectionViewItem.xib; sourceTree = "<group>"; };
/* End PBXFileReference section */

/* Begin PBXFrameworksBuildPhase section */
		2DF8797028804A6D00AADF56 /* Frameworks */ = {
			isa = PBXFrameworksBuildPhase;
			buildActionMask = 2147483647;
			files = (
			);
			runOnlyForDeploymentPostprocessing = 0;
		};
/* End PBXFrameworksBuildPhase section */

/* Begin PBXGroup section */
		2DF8796A28804A6D00AADF56 = {
			isa = PBXGroup;
			children = (
				2DF8798628804AA600AADF56 /* CollectionViewController.h */,
				2DF8798728804AA600AADF56 /* CollectionViewController.m */,
				2DF8798828804AA600AADF56 /* CollectionViewController.xib */,
				2DF8798B28804B6600AADF56 /* CollectionViewItem.h */,
				2DF8798C28804B6600AADF56 /* CollectionViewItem.m */,
				2DF8798D28804B6600AADF56 /* CollectionViewItem.xib */,
				2DF8797528804A6D00AADF56 /* Cocoa Pr L68 ObjC */,
				2DF8797428804A6D00AADF56 /* Products */,
			);
			sourceTree = "<group>";
		};
		2DF8797428804A6D00AADF56 /* Products */ = {
			isa = PBXGroup;
			children = (
				2DF8797328804A6D00AADF56 /* Cocoa Pr L68 ObjC.app */,
			);
			name = Products;
			sourceTree = "<group>";
		};
		2DF8797528804A6D00AADF56 /* Cocoa Pr L68 ObjC */ = {
			isa = PBXGroup;
			children = (
				2DF8797628804A6D00AADF56 /* AppDelegate.h */,
				2DF8797728804A6D00AADF56 /* AppDelegate.m */,
				2DF8797928804A6F00AADF56 /* Assets.xcassets */,
				2DF8797B28804A6F00AADF56 /* MainMenu.xib */,
				2DF8797E28804A6F00AADF56 /* main.m */,
				2DF8798028804A6F00AADF56 /* Cocoa_Pr_L68_ObjC.entitlements */,
			);
			path = "Cocoa Pr L68 ObjC";
			sourceTree = "<group>";
		};
/* End PBXGroup section */

/* Begin PBXNativeTarget section */
		2DF8797228804A6D00AADF56 /* Cocoa Pr L68 ObjC */ = {
			isa = PBXNativeTarget;
			buildConfigurationList = 2DF8798328804A6F00AADF56 /* Build configuration list for PBXNativeTarget "Cocoa Pr L68 ObjC" */;
			buildPhases = (
				2DF8796F28804A6D00AADF56 /* Sources */,
				2DF8797028804A6D00AADF56 /* Frameworks */,
				2DF8797128804A6D00AADF56 /* Resources */,
			);
			buildRules = (
			);
			dependencies = (
			);
			name = "Cocoa Pr L68 ObjC";
			productName = "Cocoa Pr L68 ObjC";
			productReference = 2DF8797328804A6D00AADF56 /* Cocoa Pr L68 ObjC.app */;
			productType = "com.apple.product-type.application";
		};
/* End PBXNativeTarget section */

/* Begin PBXProject section */
		2DF8796B28804A6D00AADF56 /* Project object */ = {
			isa = PBXProject;
			attributes = {
				BuildIndependentTargetsInParallel = 1;
				LastUpgradeCheck = 1340;
				TargetAttributes = {
					2DF8797228804A6D00AADF56 = {
						CreatedOnToolsVersion = 13.4.1;
					};
				};
			};
			buildConfigurationList = 2DF8796E28804A6D00AADF56 /* Build configuration list for PBXProject "Cocoa Pr L68 ObjC" */;
			compatibilityVersion = "Xcode 13.0";
			developmentRegion = en;
			hasScannedForEncodings = 0;
			knownRegions = (
				en,
				Base,
			);
			mainGroup = 2DF8796A28804A6D00AADF56;
			productRefGroup = 2DF8797428804A6D00AADF56 /* Products */;
			projectDirPath = "";
			projectRoot = "";
			targets = (
				2DF8797228804A6D00AADF56 /* Cocoa Pr L68 ObjC */,
			);
		};
/* End PBXProject section */

/* Begin PBXResourcesBuildPhase section */
		2DF8797128804A6D00AADF56 /* Resources */ = {
			isa = PBXResourcesBuildPhase;
			buildActionMask = 2147483647;
			files = (
				2DEC141B2889990200B97E4E /* CollectionViewItem.xib in Resources */,
				2DF8798A28804AA600AADF56 /* CollectionViewController.xib in Resources */,
				2DF8797A28804A6F00AADF56 /* Assets.xcassets in Resources */,
				2DF8797D28804A6F00AADF56 /* MainMenu.xib in Resources */,
			);
			runOnlyForDeploymentPostprocessing = 0;
		};
/* End PBXResourcesBuildPhase section */

/* Begin PBXSourcesBuildPhase section */
		2DF8796F28804A6D00AADF56 /* Sources */ = {
			isa = PBXSourcesBuildPhase;
			buildActionMask = 2147483647;
			files = (
				2DF8797F28804A6F00AADF56 /* main.m in Sources */,
				2DF8798E28804B6600AADF56 /* CollectionViewItem.m in Sources */,
				2DF8797828804A6D00AADF56 /* AppDelegate.m in Sources */,
				2DF8798928804AA600AADF56 /* CollectionViewController.m in Sources */,
			);
			runOnlyForDeploymentPostprocessing = 0;
		};
/* End PBXSourcesBuildPhase section */

/* Begin PBXVariantGroup section */
		2DF8797B28804A6F00AADF56 /* MainMenu.xib */ = {
			isa = PBXVariantGroup;
			children = (
				2DF8797C28804A6F00AADF56 /* Base */,
			);
			name = MainMenu.xib;
			sourceTree = "<group>";
		};
/* End PBXVariantGroup section */

/* Begin XCBuildConfiguration section */
		2DF8798128804A6F00AADF56 /* Debug */ = {
			isa = XCBuildConfiguration;
			buildSettings = {
				ALWAYS_SEARCH_USER_PATHS = NO;
				CLANG_ANALYZER_NONNULL = YES;
				CLANG_ANALYZER_NUMBER_OBJECT_CONVERSION = YES_AGGRESSIVE;
				CLANG_CXX_LANGUAGE_STANDARD = "gnu++17";
				CLANG_ENABLE_MODULES = YES;
				CLANG_ENABLE_OBJC_ARC = YES;
				CLANG_ENABLE_OBJC_WEAK = YES;
				CLANG_WARN_BLOCK_CAPTURE_AUTORELEASING = YES;
				CLANG_WARN_BOOL_CONVERSION = YES;
				CLANG_WARN_COMMA = YES;
				CLANG_WARN_CONSTANT_CONVERSION = YES;
				CLANG_WARN_DEPRECATED_OBJC_IMPLEMENTATIONS = YES;
				CLANG_WARN_DIRECT_OBJC_ISA_USAGE = YES_ERROR;
				CLANG_WARN_DOCUMENTATION_COMMENTS = YES;
				CLANG_WARN_EMPTY_BODY = YES;
				CLANG_WARN_ENUM_CONVERSION = YES;
				CLANG_WARN_INFINITE_RECURSION = YES;
				CLANG_WARN_INT_CONVERSION = YES;
				CLANG_WARN_NON_LITERAL_NULL_CONVERSION = YES;
				CLANG_WARN_OBJC_IMPLICIT_RETAIN_SELF = YES;
				CLANG_WARN_OBJC_LITERAL_CONVERSION = YES;
				CLANG_WARN_OBJC_ROOT_CLASS = YES_ERROR;
				CLANG_WARN_QUOTED_INCLUDE_IN_FRAMEWORK_HEADER = YES;
				CLANG_WARN_RANGE_LOOP_ANALYSIS = YES;
				CLANG_WARN_STRICT_PROTOTYPES = YES;
				CLANG_WARN_SUSPICIOUS_MOVE = YES;
				CLANG_WARN_UNGUARDED_AVAILABILITY = YES_AGGRESSIVE;
				CLANG_WARN_UNREACHABLE_CODE = YES;
				CLANG_WARN__DUPLICATE_METHOD_MATCH = YES;
				COPY_PHASE_STRIP = NO;
				DEBUG_INFORMATION_FORMAT = dwarf;
				ENABLE_STRICT_OBJC_MSGSEND = YES;
				ENABLE_TESTABILITY = YES;
				GCC_C_LANGUAGE_STANDARD = gnu11;
				GCC_DYNAMIC_NO_PIC = NO;
				GCC_NO_COMMON_BLOCKS = YES;
				GCC_OPTIMIZATION_LEVEL = 0;
				GCC_PREPROCESSOR_DEFINITIONS = (
					"DEBUG=1",
					"$(inherited)",
				);
				GCC_WARN_64_TO_32_BIT_CONVERSION = YES;
				GCC_WARN_ABOUT_RETURN_TYPE = YES_ERROR;
				GCC_WARN_UNDECLARED_SELECTOR = YES;
				GCC_WARN_UNINITIALIZED_AUTOS = YES_AGGRESSIVE;
				GCC_WARN_UNUSED_FUNCTION = YES;
				GCC_WARN_UNUSED_VARIABLE = YES;
				MACOSX_DEPLOYMENT_TARGET = 12.3;
				MTL_ENABLE_DEBUG_INFO = INCLUDE_SOURCE;
				MTL_FAST_MATH = YES;
				ONLY_ACTIVE_ARCH = YES;
				SDKROOT = macosx;
			};
			name = Debug;
		};
		2DF8798228804A6F00AADF56 /* Release */ = {
			isa = XCBuildConfiguration;
			buildSettings = {
				ALWAYS_SEARCH_USER_PATHS = NO;
				CLANG_ANALYZER_NONNULL = YES;
				CLANG_ANALYZER_NUMBER_OBJECT_CONVERSION = YES_AGGRESSIVE;
				CLANG_CXX_LANGUAGE_STANDARD = "gnu++17";
				CLANG_ENABLE_MODULES = YES;
				CLANG_ENABLE_OBJC_ARC = YES;
				CLANG_ENABLE_OBJC_WEAK = YES;
				CLANG_WARN_BLOCK_CAPTURE_AUTORELEASING = YES;
				CLANG_WARN_BOOL_CONVERSION = YES;
				CLANG_WARN_COMMA = YES;
				CLANG_WARN_CONSTANT_CONVERSION = YES;
				CLANG_WARN_DEPRECATED_OBJC_IMPLEMENTATIONS = YES;
				CLANG_WARN_DIRECT_OBJC_ISA_USAGE = YES_ERROR;
				CLANG_WARN_DOCUMENTATION_COMMENTS = YES;
				CLANG_WARN_EMPTY_BODY = YES;
				CLANG_WARN_ENUM_CONVERSION = YES;
				CLANG_WARN_INFINITE_RECURSION = YES;
				CLANG_WARN_INT_CONVERSION = YES;
				CLANG_WARN_NON_LITERAL_NULL_CONVERSION = YES;
				CLANG_WARN_OBJC_IMPLICIT_RETAIN_SELF = YES;
				CLANG_WARN_OBJC_LITERAL_CONVERSION = YES;
				CLANG_WARN_OBJC_ROOT_CLASS = YES_ERROR;
				CLANG_WARN_QUOTED_INCLUDE_IN_FRAMEWORK_HEADER = YES;
				CLANG_WARN_RANGE_LOOP_ANALYSIS = YES;
				CLANG_WARN_STRICT_PROTOTYPES = YES;
				CLANG_WARN_SUSPICIOUS_MOVE = YES;
				CLANG_WARN_UNGUARDED_AVAILABILITY = YES_AGGRESSIVE;
				CLANG_WARN_UNREACHABLE_CODE = YES;
				CLANG_WARN__DUPLICATE_METHOD_MATCH = YES;
				COPY_PHASE_STRIP = NO;
				DEBUG_INFORMATION_FORMAT = "dwarf-with-dsym";
				ENABLE_NS_ASSERTIONS = NO;
				ENABLE_STRICT_OBJC_MSGSEND = YES;
				GCC_C_LANGUAGE_STANDARD = gnu11;
				GCC_NO_COMMON_BLOCKS = YES;
				GCC_WARN_64_TO_32_BIT_CONVERSION = YES;
				GCC_WARN_ABOUT_RETURN_TYPE = YES_ERROR;
				GCC_WARN_UNDECLARED_SELECTOR = YES;
				GCC_WARN_UNINITIALIZED_AUTOS = YES_AGGRESSIVE;
				GCC_WARN_UNUSED_FUNCTION = YES;
				GCC_WARN_UNUSED_VARIABLE = YES;
				MACOSX_DEPLOYMENT_TARGET = 12.3;
				MTL_ENABLE_DEBUG_INFO = NO;
				MTL_FAST_MATH = YES;
				SDKROOT = macosx;
			};
			name = Release;
		};
		2DF8798428804A6F00AADF56 /* Debug */ = {
			isa = XCBuildConfiguration;
			buildSettings = {
				ASSETCATALOG_COMPILER_APPICON_NAME = AppIcon;
				ASSETCATALOG_COMPILER_GLOBAL_ACCENT_COLOR_NAME = AccentColor;
				CODE_SIGN_ENTITLEMENTS = "Cocoa Pr L68 ObjC/Cocoa_Pr_L68_ObjC.entitlements";
				CODE_SIGN_STYLE = Automatic;
				COMBINE_HIDPI_IMAGES = YES;
				CURRENT_PROJECT_VERSION = 1;
				DEVELOPMENT_TEAM = 68Z4323Q26;
				ENABLE_HARDENED_RUNTIME = YES;
				GENERATE_INFOPLIST_FILE = YES;
				INFOPLIST_KEY_NSHumanReadableCopyright = "";
				INFOPLIST_KEY_NSMainNibFile = MainMenu;
				INFOPLIST_KEY_NSPrincipalClass = NSApplication;
				LD_RUNPATH_SEARCH_PATHS = (
					"$(inherited)",
					"@executable_path/../Frameworks",
				);
				MARKETING_VERSION = 1.0;
				PRODUCT_BUNDLE_IDENTIFIER = "com.michelegalvagno.Cocoa-Pr-L68-ObjC";
				PRODUCT_NAME = "$(TARGET_NAME)";
				SWIFT_EMIT_LOC_STRINGS = YES;
			};
			name = Debug;
		};
		2DF8798528804A6F00AADF56 /* Release */ = {
			isa = XCBuildConfiguration;
			buildSettings = {
				ASSETCATALOG_COMPILER_APPICON_NAME = AppIcon;
				ASSETCATALOG_COMPILER_GLOBAL_ACCENT_COLOR_NAME = AccentColor;
				CODE_SIGN_ENTITLEMENTS = "Cocoa Pr L68 ObjC/Cocoa_Pr_L68_ObjC.entitlements";
				CODE_SIGN_STYLE = Automatic;
				COMBINE_HIDPI_IMAGES = YES;
				CURRENT_PROJECT_VERSION = 1;
				DEVELOPMENT_TEAM = 68Z4323Q26;
				ENABLE_HARDENED_RUNTIME = YES;
				GENERATE_INFOPLIST_FILE = YES;
				INFOPLIST_KEY_NSHumanReadableCopyright = "";
				INFOPLIST_KEY_NSMainNibFile = MainMenu;
				INFOPLIST_KEY_NSPrincipalClass = NSApplication;
				LD_RUNPATH_SEARCH_PATHS = (
					"$(inherited)",
					"@executable_path/../Frameworks",
				);
				MARKETING_VERSION = 1.0;
				PRODUCT_BUNDLE_IDENTIFIER = "com.michelegalvagno.Cocoa-Pr-L68-ObjC";
				PRODUCT_NAME = "$(TARGET_NAME)";
				SWIFT_EMIT_LOC_STRINGS = YES;
			};
			name = Release;
		};
/* End XCBuildConfiguration section */

/* Begin XCConfigurationList section */
		2DF8796E28804A6D00AADF56 /* Build configuration list for PBXProject "Cocoa Pr L68 ObjC" */ = {
			isa = XCConfigurationList;
			buildConfigurations = (
				2DF8798128804A6F00AADF56 /* Debug */,
				2DF8798228804A6F00AADF56 /* Release */,
			);
			defaultConfigurationIsVisible = 0;
			defaultConfigurationName = Release;
		};
		2DF8798328804A6F00AADF56 /* Build configuration list for PBXNativeTarget "Cocoa Pr L68 ObjC" */ = {
			isa = XCConfigurationList;
			buildConfigurations = (
				2DF8798428804A6F00AADF56 /* Debug */,
				2DF8798528804A6F00AADF56 /* Release */,
			);
			defaultConfigurationIsVisible = 0;
			defaultConfigurationName = Release;
		};
/* End XCConfigurationList section */
	};
	rootObject = 2DF8796B28804A6D00AADF56 /* Project object */;
}
