// !$*UTF8*$!
{
	archiveVersion = 1;
	classes = {
	};
	objectVersion = 55;
	objects = {

/* Begin PBXBuildFile section */
		2DBA10C12814593000494A64 /* AppDelegate.m in Sources */ = {isa = PBXBuildFile; fileRef = 2DBA10C02814593000494A64 /* AppDelegate.m */; };
		2DBA10C32814593100494A64 /* Assets.xcassets in Resources */ = {isa = PBXBuildFile; fileRef = 2DBA10C22814593100494A64 /* Assets.xcassets */; };
		2DBA10C62814593100494A64 /* MainMenu.xib in Resources */ = {isa = PBXBuildFile; fileRef = 2DBA10C42814593100494A64 /* MainMenu.xib */; };
		2DBA10C82814593100494A64 /* main.m in Sources */ = {isa = PBXBuildFile; fileRef = 2DBA10C72814593100494A64 /* main.m */; };
		2DBA10D22814598A00494A64 /* FirstViewController.m in Sources */ = {isa = PBXBuildFile; fileRef = 2DBA10D02814598A00494A64 /* FirstViewController.m */; };
		2DBA10D32814598A00494A64 /* FirstViewController.xib in Resources */ = {isa = PBXBuildFile; fileRef = 2DBA10D12814598A00494A64 /* FirstViewController.xib */; };
		2DBA10D72814599400494A64 /* SecondViewController.m in Sources */ = {isa = PBXBuildFile; fileRef = 2DBA10D52814599400494A64 /* SecondViewController.m */; };
		2DBA10D82814599400494A64 /* SecondViewController.xib in Resources */ = {isa = PBXBuildFile; fileRef = 2DBA10D62814599400494A64 /* SecondViewController.xib */; };
		2DBA10DB2814599E00494A64 /* AppController.m in Sources */ = {isa = PBXBuildFile; fileRef = 2DBA10DA2814599E00494A64 /* AppController.m */; };
/* End PBXBuildFile section */

/* Begin PBXFileReference section */
		2DBA10BC2814593000494A64 /* Cocoa Pr L35 NSViewController.app */ = {isa = PBXFileReference; explicitFileType = wrapper.application; includeInIndex = 0; path = "Cocoa Pr L35 NSViewController.app"; sourceTree = BUILT_PRODUCTS_DIR; };
		2DBA10BF2814593000494A64 /* AppDelegate.h */ = {isa = PBXFileReference; lastKnownFileType = sourcecode.c.h; path = AppDelegate.h; sourceTree = "<group>"; };
		2DBA10C02814593000494A64 /* AppDelegate.m */ = {isa = PBXFileReference; lastKnownFileType = sourcecode.c.objc; path = AppDelegate.m; sourceTree = "<group>"; };
		2DBA10C22814593100494A64 /* Assets.xcassets */ = {isa = PBXFileReference; lastKnownFileType = folder.assetcatalog; path = Assets.xcassets; sourceTree = "<group>"; };
		2DBA10C52814593100494A64 /* Base */ = {isa = PBXFileReference; lastKnownFileType = file.xib; name = Base; path = Base.lproj/MainMenu.xib; sourceTree = "<group>"; };
		2DBA10C72814593100494A64 /* main.m */ = {isa = PBXFileReference; lastKnownFileType = sourcecode.c.objc; path = main.m; sourceTree = "<group>"; };
		2DBA10C92814593200494A64 /* Cocoa_Pr_L35_NSViewController.entitlements */ = {isa = PBXFileReference; lastKnownFileType = text.plist.entitlements; path = Cocoa_Pr_L35_NSViewController.entitlements; sourceTree = "<group>"; };
		2DBA10CF2814598A00494A64 /* FirstViewController.h */ = {isa = PBXFileReference; lastKnownFileType = sourcecode.c.h; path = FirstViewController.h; sourceTree = "<group>"; };
		2DBA10D02814598A00494A64 /* FirstViewController.m */ = {isa = PBXFileReference; lastKnownFileType = sourcecode.c.objc; path = FirstViewController.m; sourceTree = "<group>"; };
		2DBA10D12814598A00494A64 /* FirstViewController.xib */ = {isa = PBXFileReference; lastKnownFileType = file.xib; path = FirstViewController.xib; sourceTree = "<group>"; };
		2DBA10D42814599400494A64 /* SecondViewController.h */ = {isa = PBXFileReference; lastKnownFileType = sourcecode.c.h; path = SecondViewController.h; sourceTree = "<group>"; };
		2DBA10D52814599400494A64 /* SecondViewController.m */ = {isa = PBXFileReference; lastKnownFileType = sourcecode.c.objc; path = SecondViewController.m; sourceTree = "<group>"; };
		2DBA10D62814599400494A64 /* SecondViewController.xib */ = {isa = PBXFileReference; lastKnownFileType = file.xib; path = SecondViewController.xib; sourceTree = "<group>"; };
		2DBA10D92814599E00494A64 /* AppController.h */ = {isa = PBXFileReference; lastKnownFileType = sourcecode.c.h; path = AppController.h; sourceTree = "<group>"; };
		2DBA10DA2814599E00494A64 /* AppController.m */ = {isa = PBXFileReference; lastKnownFileType = sourcecode.c.objc; path = AppController.m; sourceTree = "<group>"; };
/* End PBXFileReference section */

/* Begin PBXFrameworksBuildPhase section */
		2DBA10B92814593000494A64 /* Frameworks */ = {
			isa = PBXFrameworksBuildPhase;
			buildActionMask = 2147483647;
			files = (
			);
			runOnlyForDeploymentPostprocessing = 0;
		};
/* End PBXFrameworksBuildPhase section */

/* Begin PBXGroup section */
		2DBA10B32814593000494A64 = {
			isa = PBXGroup;
			children = (
				2DBA10BE2814593000494A64 /* Cocoa Pr L35 NSViewController */,
				2DBA10BD2814593000494A64 /* Products */,
			);
			sourceTree = "<group>";
		};
		2DBA10BD2814593000494A64 /* Products */ = {
			isa = PBXGroup;
			children = (
				2DBA10BC2814593000494A64 /* Cocoa Pr L35 NSViewController.app */,
			);
			name = Products;
			sourceTree = "<group>";
		};
		2DBA10BE2814593000494A64 /* Cocoa Pr L35 NSViewController */ = {
			isa = PBXGroup;
			children = (
				2DBA10BF2814593000494A64 /* AppDelegate.h */,
				2DBA10C02814593000494A64 /* AppDelegate.m */,
				2DBA10C22814593100494A64 /* Assets.xcassets */,
				2DBA10C72814593100494A64 /* main.m */,
				2DBA10CF2814598A00494A64 /* FirstViewController.h */,
				2DBA10D02814598A00494A64 /* FirstViewController.m */,
				2DBA10D42814599400494A64 /* SecondViewController.h */,
				2DBA10D52814599400494A64 /* SecondViewController.m */,
				2DBA10D92814599E00494A64 /* AppController.h */,
				2DBA10DA2814599E00494A64 /* AppController.m */,
				2DBA10C42814593100494A64 /* MainMenu.xib */,
				2DBA10D12814598A00494A64 /* FirstViewController.xib */,
				2DBA10D62814599400494A64 /* SecondViewController.xib */,
				2DBA10C92814593200494A64 /* Cocoa_Pr_L35_NSViewController.entitlements */,
			);
			path = "Cocoa Pr L35 NSViewController";
			sourceTree = "<group>";
		};
/* End PBXGroup section */

/* Begin PBXNativeTarget section */
		2DBA10BB2814593000494A64 /* Cocoa Pr L35 NSViewController */ = {
			isa = PBXNativeTarget;
			buildConfigurationList = 2DBA10CC2814593200494A64 /* Build configuration list for PBXNativeTarget "Cocoa Pr L35 NSViewController" */;
			buildPhases = (
				2DBA10B82814593000494A64 /* Sources */,
				2DBA10B92814593000494A64 /* Frameworks */,
				2DBA10BA2814593000494A64 /* Resources */,
			);
			buildRules = (
			);
			dependencies = (
			);
			name = "Cocoa Pr L35 NSViewController";
			productName = "Cocoa Pr L35 NSViewController";
			productReference = 2DBA10BC2814593000494A64 /* Cocoa Pr L35 NSViewController.app */;
			productType = "com.apple.product-type.application";
		};
/* End PBXNativeTarget section */

/* Begin PBXProject section */
		2DBA10B42814593000494A64 /* Project object */ = {
			isa = PBXProject;
			attributes = {
				BuildIndependentTargetsInParallel = 1;
				LastUpgradeCheck = 1330;
				TargetAttributes = {
					2DBA10BB2814593000494A64 = {
						CreatedOnToolsVersion = 13.3.1;
					};
				};
			};
			buildConfigurationList = 2DBA10B72814593000494A64 /* Build configuration list for PBXProject "Cocoa Pr L35 NSViewController" */;
			compatibilityVersion = "Xcode 13.0";
			developmentRegion = en;
			hasScannedForEncodings = 0;
			knownRegions = (
				en,
				Base,
			);
			mainGroup = 2DBA10B32814593000494A64;
			productRefGroup = 2DBA10BD2814593000494A64 /* Products */;
			projectDirPath = "";
			projectRoot = "";
			targets = (
				2DBA10BB2814593000494A64 /* Cocoa Pr L35 NSViewController */,
			);
		};
/* End PBXProject section */

/* Begin PBXResourcesBuildPhase section */
		2DBA10BA2814593000494A64 /* Resources */ = {
			isa = PBXResourcesBuildPhase;
			buildActionMask = 2147483647;
			files = (
				2DBA10D82814599400494A64 /* SecondViewController.xib in Resources */,
				2DBA10C32814593100494A64 /* Assets.xcassets in Resources */,
				2DBA10D32814598A00494A64 /* FirstViewController.xib in Resources */,
				2DBA10C62814593100494A64 /* MainMenu.xib in Resources */,
			);
			runOnlyForDeploymentPostprocessing = 0;
		};
/* End PBXResourcesBuildPhase section */

/* Begin PBXSourcesBuildPhase section */
		2DBA10B82814593000494A64 /* Sources */ = {
			isa = PBXSourcesBuildPhase;
			buildActionMask = 2147483647;
			files = (
				2DBA10D72814599400494A64 /* SecondViewController.m in Sources */,
				2DBA10C82814593100494A64 /* main.m in Sources */,
				2DBA10D22814598A00494A64 /* FirstViewController.m in Sources */,
				2DBA10DB2814599E00494A64 /* AppController.m in Sources */,
				2DBA10C12814593000494A64 /* AppDelegate.m in Sources */,
			);
			runOnlyForDeploymentPostprocessing = 0;
		};
/* End PBXSourcesBuildPhase section */

/* Begin PBXVariantGroup section */
		2DBA10C42814593100494A64 /* MainMenu.xib */ = {
			isa = PBXVariantGroup;
			children = (
				2DBA10C52814593100494A64 /* Base */,
			);
			name = MainMenu.xib;
			sourceTree = "<group>";
		};
/* End PBXVariantGroup section */

/* Begin XCBuildConfiguration section */
		2DBA10CA2814593200494A64 /* Debug */ = {
			isa = XCBuildConfiguration;
			buildSettings = {
				ALWAYS_SEARCH_USER_PATHS = NO;
				CLANG_ANALYZER_NONNULL = YES;
				CLANG_ANALYZER_NUMBER_OBJECT_CONVERSION = YES_AGGRESSIVE;
				CLANG_CXX_LANGUAGE_STANDARD = "gnu++17";
				CLANG_ENABLE_MODULES = YES;
				CLANG_ENABLE_OBJC_ARC = YES;
				CLANG_ENABLE_OBJC_WEAK = YES;
				CLANG_WARN_BLOCK_CAPTURE_AUTORELEASING = YES;
				CLANG_WARN_BOOL_CONVERSION = YES;
				CLANG_WARN_COMMA = YES;
				CLANG_WARN_CONSTANT_CONVERSION = YES;
				CLANG_WARN_DEPRECATED_OBJC_IMPLEMENTATIONS = YES;
				CLANG_WARN_DIRECT_OBJC_ISA_USAGE = YES_ERROR;
				CLANG_WARN_DOCUMENTATION_COMMENTS = YES;
				CLANG_WARN_EMPTY_BODY = YES;
				CLANG_WARN_ENUM_CONVERSION = YES;
				CLANG_WARN_INFINITE_RECURSION = YES;
				CLANG_WARN_INT_CONVERSION = YES;
				CLANG_WARN_NON_LITERAL_NULL_CONVERSION = YES;
				CLANG_WARN_OBJC_IMPLICIT_RETAIN_SELF = YES;
				CLANG_WARN_OBJC_LITERAL_CONVERSION = YES;
				CLANG_WARN_OBJC_ROOT_CLASS = YES_ERROR;
				CLANG_WARN_QUOTED_INCLUDE_IN_FRAMEWORK_HEADER = YES;
				CLANG_WARN_RANGE_LOOP_ANALYSIS = YES;
				CLANG_WARN_STRICT_PROTOTYPES = YES;
				CLANG_WARN_SUSPICIOUS_MOVE = YES;
				CLANG_WARN_UNGUARDED_AVAILABILITY = YES_AGGRESSIVE;
				CLANG_WARN_UNREACHABLE_CODE = YES;
				CLANG_WARN__DUPLICATE_METHOD_MATCH = YES;
				COPY_PHASE_STRIP = NO;
				DEBUG_INFORMATION_FORMAT = dwarf;
				ENABLE_STRICT_OBJC_MSGSEND = YES;
				ENABLE_TESTABILITY = YES;
				GCC_C_LANGUAGE_STANDARD = gnu11;
				GCC_DYNAMIC_NO_PIC = NO;
				GCC_NO_COMMON_BLOCKS = YES;
				GCC_OPTIMIZATION_LEVEL = 0;
				GCC_PREPROCESSOR_DEFINITIONS = (
					"DEBUG=1",
					"$(inherited)",
				);
				GCC_WARN_64_TO_32_BIT_CONVERSION = YES;
				GCC_WARN_ABOUT_RETURN_TYPE = YES_ERROR;
				GCC_WARN_UNDECLARED_SELECTOR = YES;
				GCC_WARN_UNINITIALIZED_AUTOS = YES_AGGRESSIVE;
				GCC_WARN_UNUSED_FUNCTION = YES;
				GCC_WARN_UNUSED_VARIABLE = YES;
				MACOSX_DEPLOYMENT_TARGET = 12.3;
				MTL_ENABLE_DEBUG_INFO = INCLUDE_SOURCE;
				MTL_FAST_MATH = YES;
				ONLY_ACTIVE_ARCH = YES;
				SDKROOT = macosx;
			};
			name = Debug;
		};
		2DBA10CB2814593200494A64 /* Release */ = {
			isa = XCBuildConfiguration;
			buildSettings = {
				ALWAYS_SEARCH_USER_PATHS = NO;
				CLANG_ANALYZER_NONNULL = YES;
				CLANG_ANALYZER_NUMBER_OBJECT_CONVERSION = YES_AGGRESSIVE;
				CLANG_CXX_LANGUAGE_STANDARD = "gnu++17";
				CLANG_ENABLE_MODULES = YES;
				CLANG_ENABLE_OBJC_ARC = YES;
				CLANG_ENABLE_OBJC_WEAK = YES;
				CLANG_WARN_BLOCK_CAPTURE_AUTORELEASING = YES;
				CLANG_WARN_BOOL_CONVERSION = YES;
				CLANG_WARN_COMMA = YES;
				CLANG_WARN_CONSTANT_CONVERSION = YES;
				CLANG_WARN_DEPRECATED_OBJC_IMPLEMENTATIONS = YES;
				CLANG_WARN_DIRECT_OBJC_ISA_USAGE = YES_ERROR;
				CLANG_WARN_DOCUMENTATION_COMMENTS = YES;
				CLANG_WARN_EMPTY_BODY = YES;
				CLANG_WARN_ENUM_CONVERSION = YES;
				CLANG_WARN_INFINITE_RECURSION = YES;
				CLANG_WARN_INT_CONVERSION = YES;
				CLANG_WARN_NON_LITERAL_NULL_CONVERSION = YES;
				CLANG_WARN_OBJC_IMPLICIT_RETAIN_SELF = YES;
				CLANG_WARN_OBJC_LITERAL_CONVERSION = YES;
				CLANG_WARN_OBJC_ROOT_CLASS = YES_ERROR;
				CLANG_WARN_QUOTED_INCLUDE_IN_FRAMEWORK_HEADER = YES;
				CLANG_WARN_RANGE_LOOP_ANALYSIS = YES;
				CLANG_WARN_STRICT_PROTOTYPES = YES;
				CLANG_WARN_SUSPICIOUS_MOVE = YES;
				CLANG_WARN_UNGUARDED_AVAILABILITY = YES_AGGRESSIVE;
				CLANG_WARN_UNREACHABLE_CODE = YES;
				CLANG_WARN__DUPLICATE_METHOD_MATCH = YES;
				COPY_PHASE_STRIP = NO;
				DEBUG_INFORMATION_FORMAT = "dwarf-with-dsym";
				ENABLE_NS_ASSERTIONS = NO;
				ENABLE_STRICT_OBJC_MSGSEND = YES;
				GCC_C_LANGUAGE_STANDARD = gnu11;
				GCC_NO_COMMON_BLOCKS = YES;
				GCC_WARN_64_TO_32_BIT_CONVERSION = YES;
				GCC_WARN_ABOUT_RETURN_TYPE = YES_ERROR;
				GCC_WARN_UNDECLARED_SELECTOR = YES;
				GCC_WARN_UNINITIALIZED_AUTOS = YES_AGGRESSIVE;
				GCC_WARN_UNUSED_FUNCTION = YES;
				GCC_WARN_UNUSED_VARIABLE = YES;
				MACOSX_DEPLOYMENT_TARGET = 12.3;
				MTL_ENABLE_DEBUG_INFO = NO;
				MTL_FAST_MATH = YES;
				SDKROOT = macosx;
			};
			name = Release;
		};
		2DBA10CD2814593200494A64 /* Debug */ = {
			isa = XCBuildConfiguration;
			buildSettings = {
				ASSETCATALOG_COMPILER_APPICON_NAME = AppIcon;
				ASSETCATALOG_COMPILER_GLOBAL_ACCENT_COLOR_NAME = AccentColor;
				CODE_SIGN_ENTITLEMENTS = "Cocoa Pr L35 NSViewController/Cocoa_Pr_L35_NSViewController.entitlements";
				CODE_SIGN_STYLE = Automatic;
				COMBINE_HIDPI_IMAGES = YES;
				CURRENT_PROJECT_VERSION = 1;
				DEVELOPMENT_TEAM = 68Z4323Q26;
				ENABLE_HARDENED_RUNTIME = YES;
				GENERATE_INFOPLIST_FILE = YES;
				INFOPLIST_KEY_NSHumanReadableCopyright = "";
				INFOPLIST_KEY_NSMainNibFile = MainMenu;
				INFOPLIST_KEY_NSPrincipalClass = NSApplication;
				LD_RUNPATH_SEARCH_PATHS = (
					"$(inherited)",
					"@executable_path/../Frameworks",
				);
				MARKETING_VERSION = 1.0;
				PRODUCT_BUNDLE_IDENTIFIER = "com.michelegalvagno.Cocoa-Pr-L35-NSViewController";
				PRODUCT_NAME = "$(TARGET_NAME)";
				SWIFT_EMIT_LOC_STRINGS = YES;
			};
			name = Debug;
		};
		2DBA10CE2814593200494A64 /* Release */ = {
			isa = XCBuildConfiguration;
			buildSettings = {
				ASSETCATALOG_COMPILER_APPICON_NAME = AppIcon;
				ASSETCATALOG_COMPILER_GLOBAL_ACCENT_COLOR_NAME = AccentColor;
				CODE_SIGN_ENTITLEMENTS = "Cocoa Pr L35 NSViewController/Cocoa_Pr_L35_NSViewController.entitlements";
				CODE_SIGN_STYLE = Automatic;
				COMBINE_HIDPI_IMAGES = YES;
				CURRENT_PROJECT_VERSION = 1;
				DEVELOPMENT_TEAM = 68Z4323Q26;
				ENABLE_HARDENED_RUNTIME = YES;
				GENERATE_INFOPLIST_FILE = YES;
				INFOPLIST_KEY_NSHumanReadableCopyright = "";
				INFOPLIST_KEY_NSMainNibFile = MainMenu;
				INFOPLIST_KEY_NSPrincipalClass = NSApplication;
				LD_RUNPATH_SEARCH_PATHS = (
					"$(inherited)",
					"@executable_path/../Frameworks",
				);
				MARKETING_VERSION = 1.0;
				PRODUCT_BUNDLE_IDENTIFIER = "com.michelegalvagno.Cocoa-Pr-L35-NSViewController";
				PRODUCT_NAME = "$(TARGET_NAME)";
				SWIFT_EMIT_LOC_STRINGS = YES;
			};
			name = Release;
		};
/* End XCBuildConfiguration section */

/* Begin XCConfigurationList section */
		2DBA10B72814593000494A64 /* Build configuration list for PBXProject "Cocoa Pr L35 NSViewController" */ = {
			isa = XCConfigurationList;
			buildConfigurations = (
				2DBA10CA2814593200494A64 /* Debug */,
				2DBA10CB2814593200494A64 /* Release */,
			);
			defaultConfigurationIsVisible = 0;
			defaultConfigurationName = Release;
		};
		2DBA10CC2814593200494A64 /* Build configuration list for PBXNativeTarget "Cocoa Pr L35 NSViewController" */ = {
			isa = XCConfigurationList;
			buildConfigurations = (
				2DBA10CD2814593200494A64 /* Debug */,
				2DBA10CE2814593200494A64 /* Release */,
			);
			defaultConfigurationIsVisible = 0;
			defaultConfigurationName = Release;
		};
/* End XCConfigurationList section */
	};
	rootObject = 2DBA10B42814593000494A64 /* Project object */;
}
