// !$*UTF8*$!
{
	archiveVersion = 1;
	classes = {
	};
	objectVersion = 56;
	objects = {

/* Begin PBXBuildFile section */
		2D61314528E485CE00B36274 /* AppDelegate.swift in Sources */ = {isa = PBXBuildFile; fileRef = 2D61314428E485CE00B36274 /* AppDelegate.swift */; };
		2D61314728E485D000B36274 /* Assets.xcassets in Resources */ = {isa = PBXBuildFile; fileRef = 2D61314628E485D000B36274 /* Assets.xcassets */; };
		2D61314A28E485D000B36274 /* MainMenu.xib in Resources */ = {isa = PBXBuildFile; fileRef = 2D61314828E485D000B36274 /* MainMenu.xib */; };
		2D61315328E48BCE00B36274 /* ViewController.swift in Sources */ = {isa = PBXBuildFile; fileRef = 2D61315128E48BCE00B36274 /* ViewController.swift */; };
		2D61315428E48BCE00B36274 /* ViewController.xib in Resources */ = {isa = PBXBuildFile; fileRef = 2D61315228E48BCE00B36274 /* ViewController.xib */; };
		2D61315728E4B1B800B36274 /* WindowController.swift in Sources */ = {isa = PBXBuildFile; fileRef = 2D61315528E4B1B800B36274 /* WindowController.swift */; };
		2D61315828E4B1B800B36274 /* WindowController.xib in Resources */ = {isa = PBXBuildFile; fileRef = 2D61315628E4B1B800B36274 /* WindowController.xib */; };
		2D61315A28E4B58300B36274 /* NoFocusButton.swift in Sources */ = {isa = PBXBuildFile; fileRef = 2D61315928E4B58300B36274 /* NoFocusButton.swift */; };
/* End PBXBuildFile section */

/* Begin PBXFileReference section */
		2D61314128E485CE00B36274 /* Cocoa Pr L79 Key View Loop.app */ = {isa = PBXFileReference; explicitFileType = wrapper.application; includeInIndex = 0; path = "Cocoa Pr L79 Key View Loop.app"; sourceTree = BUILT_PRODUCTS_DIR; };
		2D61314428E485CE00B36274 /* AppDelegate.swift */ = {isa = PBXFileReference; lastKnownFileType = sourcecode.swift; path = AppDelegate.swift; sourceTree = "<group>"; };
		2D61314628E485D000B36274 /* Assets.xcassets */ = {isa = PBXFileReference; lastKnownFileType = folder.assetcatalog; path = Assets.xcassets; sourceTree = "<group>"; };
		2D61314928E485D000B36274 /* Base */ = {isa = PBXFileReference; lastKnownFileType = file.xib; name = Base; path = Base.lproj/MainMenu.xib; sourceTree = "<group>"; };
		2D61314B28E485D000B36274 /* Cocoa_Pr_L79_Key_View_Loop.entitlements */ = {isa = PBXFileReference; lastKnownFileType = text.plist.entitlements; path = Cocoa_Pr_L79_Key_View_Loop.entitlements; sourceTree = "<group>"; };
		2D61315128E48BCE00B36274 /* ViewController.swift */ = {isa = PBXFileReference; lastKnownFileType = sourcecode.swift; path = ViewController.swift; sourceTree = "<group>"; };
		2D61315228E48BCE00B36274 /* ViewController.xib */ = {isa = PBXFileReference; lastKnownFileType = file.xib; path = ViewController.xib; sourceTree = "<group>"; };
		2D61315528E4B1B800B36274 /* WindowController.swift */ = {isa = PBXFileReference; lastKnownFileType = sourcecode.swift; path = WindowController.swift; sourceTree = "<group>"; };
		2D61315628E4B1B800B36274 /* WindowController.xib */ = {isa = PBXFileReference; lastKnownFileType = file.xib; path = WindowController.xib; sourceTree = "<group>"; };
		2D61315928E4B58300B36274 /* NoFocusButton.swift */ = {isa = PBXFileReference; lastKnownFileType = sourcecode.swift; path = NoFocusButton.swift; sourceTree = "<group>"; };
/* End PBXFileReference section */

/* Begin PBXFrameworksBuildPhase section */
		2D61313E28E485CE00B36274 /* Frameworks */ = {
			isa = PBXFrameworksBuildPhase;
			buildActionMask = 2147483647;
			files = (
			);
			runOnlyForDeploymentPostprocessing = 0;
		};
/* End PBXFrameworksBuildPhase section */

/* Begin PBXGroup section */
		2D61313828E485CE00B36274 = {
			isa = PBXGroup;
			children = (
				2D61314328E485CE00B36274 /* Cocoa Pr L79 Key View Loop */,
				2D61314228E485CE00B36274 /* Products */,
			);
			sourceTree = "<group>";
		};
		2D61314228E485CE00B36274 /* Products */ = {
			isa = PBXGroup;
			children = (
				2D61314128E485CE00B36274 /* Cocoa Pr L79 Key View Loop.app */,
			);
			name = Products;
			sourceTree = "<group>";
		};
		2D61314328E485CE00B36274 /* Cocoa Pr L79 Key View Loop */ = {
			isa = PBXGroup;
			children = (
				2D61314428E485CE00B36274 /* AppDelegate.swift */,
				2D61315128E48BCE00B36274 /* ViewController.swift */,
				2D61315528E4B1B800B36274 /* WindowController.swift */,
				2D61315628E4B1B800B36274 /* WindowController.xib */,
				2D61315228E48BCE00B36274 /* ViewController.xib */,
				2D61315928E4B58300B36274 /* NoFocusButton.swift */,
				2D61314628E485D000B36274 /* Assets.xcassets */,
				2D61314828E485D000B36274 /* MainMenu.xib */,
				2D61314B28E485D000B36274 /* Cocoa_Pr_L79_Key_View_Loop.entitlements */,
			);
			path = "Cocoa Pr L79 Key View Loop";
			sourceTree = "<group>";
		};
/* End PBXGroup section */

/* Begin PBXNativeTarget section */
		2D61314028E485CE00B36274 /* Cocoa Pr L79 Key View Loop */ = {
			isa = PBXNativeTarget;
			buildConfigurationList = 2D61314E28E485D000B36274 /* Build configuration list for PBXNativeTarget "Cocoa Pr L79 Key View Loop" */;
			buildPhases = (
				2D61313D28E485CE00B36274 /* Sources */,
				2D61313E28E485CE00B36274 /* Frameworks */,
				2D61313F28E485CE00B36274 /* Resources */,
			);
			buildRules = (
			);
			dependencies = (
			);
			name = "Cocoa Pr L79 Key View Loop";
			productName = "Cocoa Pr L79 Key View Loop";
			productReference = 2D61314128E485CE00B36274 /* Cocoa Pr L79 Key View Loop.app */;
			productType = "com.apple.product-type.application";
		};
/* End PBXNativeTarget section */

/* Begin PBXProject section */
		2D61313928E485CE00B36274 /* Project object */ = {
			isa = PBXProject;
			attributes = {
				BuildIndependentTargetsInParallel = 1;
				LastSwiftUpdateCheck = 1400;
				LastUpgradeCheck = 1400;
				TargetAttributes = {
					2D61314028E485CE00B36274 = {
						CreatedOnToolsVersion = 14.0.1;
					};
				};
			};
			buildConfigurationList = 2D61313C28E485CE00B36274 /* Build configuration list for PBXProject "Cocoa Pr L79 Key View Loop" */;
			compatibilityVersion = "Xcode 14.0";
			developmentRegion = en;
			hasScannedForEncodings = 0;
			knownRegions = (
				en,
				Base,
			);
			mainGroup = 2D61313828E485CE00B36274;
			productRefGroup = 2D61314228E485CE00B36274 /* Products */;
			projectDirPath = "";
			projectRoot = "";
			targets = (
				2D61314028E485CE00B36274 /* Cocoa Pr L79 Key View Loop */,
			);
		};
/* End PBXProject section */

/* Begin PBXResourcesBuildPhase section */
		2D61313F28E485CE00B36274 /* Resources */ = {
			isa = PBXResourcesBuildPhase;
			buildActionMask = 2147483647;
			files = (
				2D61314728E485D000B36274 /* Assets.xcassets in Resources */,
				2D61315828E4B1B800B36274 /* WindowController.xib in Resources */,
				2D61315428E48BCE00B36274 /* ViewController.xib in Resources */,
				2D61314A28E485D000B36274 /* MainMenu.xib in Resources */,
			);
			runOnlyForDeploymentPostprocessing = 0;
		};
/* End PBXResourcesBuildPhase section */

/* Begin PBXSourcesBuildPhase section */
		2D61313D28E485CE00B36274 /* Sources */ = {
			isa = PBXSourcesBuildPhase;
			buildActionMask = 2147483647;
			files = (
				2D61315328E48BCE00B36274 /* ViewController.swift in Sources */,
				2D61315728E4B1B800B36274 /* WindowController.swift in Sources */,
				2D61314528E485CE00B36274 /* AppDelegate.swift in Sources */,
				2D61315A28E4B58300B36274 /* NoFocusButton.swift in Sources */,
			);
			runOnlyForDeploymentPostprocessing = 0;
		};
/* End PBXSourcesBuildPhase section */

/* Begin PBXVariantGroup section */
		2D61314828E485D000B36274 /* MainMenu.xib */ = {
			isa = PBXVariantGroup;
			children = (
				2D61314928E485D000B36274 /* Base */,
			);
			name = MainMenu.xib;
			sourceTree = "<group>";
		};
/* End PBXVariantGroup section */

/* Begin XCBuildConfiguration section */
		2D61314C28E485D000B36274 /* Debug */ = {
			isa = XCBuildConfiguration;
			buildSettings = {
				ALWAYS_SEARCH_USER_PATHS = NO;
				CLANG_ANALYZER_NONNULL = YES;
				CLANG_ANALYZER_NUMBER_OBJECT_CONVERSION = YES_AGGRESSIVE;
				CLANG_CXX_LANGUAGE_STANDARD = "gnu++20";
				CLANG_ENABLE_MODULES = YES;
				CLANG_ENABLE_OBJC_ARC = YES;
				CLANG_ENABLE_OBJC_WEAK = YES;
				CLANG_WARN_BLOCK_CAPTURE_AUTORELEASING = YES;
				CLANG_WARN_BOOL_CONVERSION = YES;
				CLANG_WARN_COMMA = YES;
				CLANG_WARN_CONSTANT_CONVERSION = YES;
				CLANG_WARN_DEPRECATED_OBJC_IMPLEMENTATIONS = YES;
				CLANG_WARN_DIRECT_OBJC_ISA_USAGE = YES_ERROR;
				CLANG_WARN_DOCUMENTATION_COMMENTS = YES;
				CLANG_WARN_EMPTY_BODY = YES;
				CLANG_WARN_ENUM_CONVERSION = YES;
				CLANG_WARN_INFINITE_RECURSION = YES;
				CLANG_WARN_INT_CONVERSION = YES;
				CLANG_WARN_NON_LITERAL_NULL_CONVERSION = YES;
				CLANG_WARN_OBJC_IMPLICIT_RETAIN_SELF = YES;
				CLANG_WARN_OBJC_LITERAL_CONVERSION = YES;
				CLANG_WARN_OBJC_ROOT_CLASS = YES_ERROR;
				CLANG_WARN_QUOTED_INCLUDE_IN_FRAMEWORK_HEADER = YES;
				CLANG_WARN_RANGE_LOOP_ANALYSIS = YES;
				CLANG_WARN_STRICT_PROTOTYPES = YES;
				CLANG_WARN_SUSPICIOUS_MOVE = YES;
				CLANG_WARN_UNGUARDED_AVAILABILITY = YES_AGGRESSIVE;
				CLANG_WARN_UNREACHABLE_CODE = YES;
				CLANG_WARN__DUPLICATE_METHOD_MATCH = YES;
				COPY_PHASE_STRIP = NO;
				DEBUG_INFORMATION_FORMAT = dwarf;
				ENABLE_STRICT_OBJC_MSGSEND = YES;
				ENABLE_TESTABILITY = YES;
				GCC_C_LANGUAGE_STANDARD = gnu11;
				GCC_DYNAMIC_NO_PIC = NO;
				GCC_NO_COMMON_BLOCKS = YES;
				GCC_OPTIMIZATION_LEVEL = 0;
				GCC_PREPROCESSOR_DEFINITIONS = (
					"DEBUG=1",
					"$(inherited)",
				);
				GCC_WARN_64_TO_32_BIT_CONVERSION = YES;
				GCC_WARN_ABOUT_RETURN_TYPE = YES_ERROR;
				GCC_WARN_UNDECLARED_SELECTOR = YES;
				GCC_WARN_UNINITIALIZED_AUTOS = YES_AGGRESSIVE;
				GCC_WARN_UNUSED_FUNCTION = YES;
				GCC_WARN_UNUSED_VARIABLE = YES;
				MACOSX_DEPLOYMENT_TARGET = 12.3;
				MTL_ENABLE_DEBUG_INFO = INCLUDE_SOURCE;
				MTL_FAST_MATH = YES;
				ONLY_ACTIVE_ARCH = YES;
				SDKROOT = macosx;
				SWIFT_ACTIVE_COMPILATION_CONDITIONS = DEBUG;
				SWIFT_OPTIMIZATION_LEVEL = "-Onone";
			};
			name = Debug;
		};
		2D61314D28E485D000B36274 /* Release */ = {
			isa = XCBuildConfiguration;
			buildSettings = {
				ALWAYS_SEARCH_USER_PATHS = NO;
				CLANG_ANALYZER_NONNULL = YES;
				CLANG_ANALYZER_NUMBER_OBJECT_CONVERSION = YES_AGGRESSIVE;
				CLANG_CXX_LANGUAGE_STANDARD = "gnu++20";
				CLANG_ENABLE_MODULES = YES;
				CLANG_ENABLE_OBJC_ARC = YES;
				CLANG_ENABLE_OBJC_WEAK = YES;
				CLANG_WARN_BLOCK_CAPTURE_AUTORELEASING = YES;
				CLANG_WARN_BOOL_CONVERSION = YES;
				CLANG_WARN_COMMA = YES;
				CLANG_WARN_CONSTANT_CONVERSION = YES;
				CLANG_WARN_DEPRECATED_OBJC_IMPLEMENTATIONS = YES;
				CLANG_WARN_DIRECT_OBJC_ISA_USAGE = YES_ERROR;
				CLANG_WARN_DOCUMENTATION_COMMENTS = YES;
				CLANG_WARN_EMPTY_BODY = YES;
				CLANG_WARN_ENUM_CONVERSION = YES;
				CLANG_WARN_INFINITE_RECURSION = YES;
				CLANG_WARN_INT_CONVERSION = YES;
				CLANG_WARN_NON_LITERAL_NULL_CONVERSION = YES;
				CLANG_WARN_OBJC_IMPLICIT_RETAIN_SELF = YES;
				CLANG_WARN_OBJC_LITERAL_CONVERSION = YES;
				CLANG_WARN_OBJC_ROOT_CLASS = YES_ERROR;
				CLANG_WARN_QUOTED_INCLUDE_IN_FRAMEWORK_HEADER = YES;
				CLANG_WARN_RANGE_LOOP_ANALYSIS = YES;
				CLANG_WARN_STRICT_PROTOTYPES = YES;
				CLANG_WARN_SUSPICIOUS_MOVE = YES;
				CLANG_WARN_UNGUARDED_AVAILABILITY = YES_AGGRESSIVE;
				CLANG_WARN_UNREACHABLE_CODE = YES;
				CLANG_WARN__DUPLICATE_METHOD_MATCH = YES;
				COPY_PHASE_STRIP = NO;
				DEBUG_INFORMATION_FORMAT = "dwarf-with-dsym";
				ENABLE_NS_ASSERTIONS = NO;
				ENABLE_STRICT_OBJC_MSGSEND = YES;
				GCC_C_LANGUAGE_STANDARD = gnu11;
				GCC_NO_COMMON_BLOCKS = YES;
				GCC_WARN_64_TO_32_BIT_CONVERSION = YES;
				GCC_WARN_ABOUT_RETURN_TYPE = YES_ERROR;
				GCC_WARN_UNDECLARED_SELECTOR = YES;
				GCC_WARN_UNINITIALIZED_AUTOS = YES_AGGRESSIVE;
				GCC_WARN_UNUSED_FUNCTION = YES;
				GCC_WARN_UNUSED_VARIABLE = YES;
				MACOSX_DEPLOYMENT_TARGET = 12.3;
				MTL_ENABLE_DEBUG_INFO = NO;
				MTL_FAST_MATH = YES;
				SDKROOT = macosx;
				SWIFT_COMPILATION_MODE = wholemodule;
				SWIFT_OPTIMIZATION_LEVEL = "-O";
			};
			name = Release;
		};
		2D61314F28E485D000B36274 /* Debug */ = {
			isa = XCBuildConfiguration;
			buildSettings = {
				ASSETCATALOG_COMPILER_APPICON_NAME = AppIcon;
				ASSETCATALOG_COMPILER_GLOBAL_ACCENT_COLOR_NAME = AccentColor;
				CODE_SIGN_ENTITLEMENTS = "Cocoa Pr L79 Key View Loop/Cocoa_Pr_L79_Key_View_Loop.entitlements";
				CODE_SIGN_STYLE = Automatic;
				COMBINE_HIDPI_IMAGES = YES;
				CURRENT_PROJECT_VERSION = 1;
				DEVELOPMENT_TEAM = 68Z4323Q26;
				ENABLE_HARDENED_RUNTIME = YES;
				GENERATE_INFOPLIST_FILE = YES;
				INFOPLIST_KEY_NSHumanReadableCopyright = "";
				INFOPLIST_KEY_NSMainNibFile = MainMenu;
				INFOPLIST_KEY_NSPrincipalClass = NSApplication;
				LD_RUNPATH_SEARCH_PATHS = (
					"$(inherited)",
					"@executable_path/../Frameworks",
				);
				MARKETING_VERSION = 1.0;
				PRODUCT_BUNDLE_IDENTIFIER = "com.michelegalvagno.Cocoa-Pr-L79-Key-View-Loop";
				PRODUCT_NAME = "$(TARGET_NAME)";
				SWIFT_EMIT_LOC_STRINGS = YES;
				SWIFT_VERSION = 5.0;
			};
			name = Debug;
		};
		2D61315028E485D000B36274 /* Release */ = {
			isa = XCBuildConfiguration;
			buildSettings = {
				ASSETCATALOG_COMPILER_APPICON_NAME = AppIcon;
				ASSETCATALOG_COMPILER_GLOBAL_ACCENT_COLOR_NAME = AccentColor;
				CODE_SIGN_ENTITLEMENTS = "Cocoa Pr L79 Key View Loop/Cocoa_Pr_L79_Key_View_Loop.entitlements";
				CODE_SIGN_STYLE = Automatic;
				COMBINE_HIDPI_IMAGES = YES;
				CURRENT_PROJECT_VERSION = 1;
				DEVELOPMENT_TEAM = 68Z4323Q26;
				ENABLE_HARDENED_RUNTIME = YES;
				GENERATE_INFOPLIST_FILE = YES;
				INFOPLIST_KEY_NSHumanReadableCopyright = "";
				INFOPLIST_KEY_NSMainNibFile = MainMenu;
				INFOPLIST_KEY_NSPrincipalClass = NSApplication;
				LD_RUNPATH_SEARCH_PATHS = (
					"$(inherited)",
					"@executable_path/../Frameworks",
				);
				MARKETING_VERSION = 1.0;
				PRODUCT_BUNDLE_IDENTIFIER = "com.michelegalvagno.Cocoa-Pr-L79-Key-View-Loop";
				PRODUCT_NAME = "$(TARGET_NAME)";
				SWIFT_EMIT_LOC_STRINGS = YES;
				SWIFT_VERSION = 5.0;
			};
			name = Release;
		};
/* End XCBuildConfiguration section */

/* Begin XCConfigurationList section */
		2D61313C28E485CE00B36274 /* Build configuration list for PBXProject "Cocoa Pr L79 Key View Loop" */ = {
			isa = XCConfigurationList;
			buildConfigurations = (
				2D61314C28E485D000B36274 /* Debug */,
				2D61314D28E485D000B36274 /* Release */,
			);
			defaultConfigurationIsVisible = 0;
			defaultConfigurationName = Release;
		};
		2D61314E28E485D000B36274 /* Build configuration list for PBXNativeTarget "Cocoa Pr L79 Key View Loop" */ = {
			isa = XCConfigurationList;
			buildConfigurations = (
				2D61314F28E485D000B36274 /* Debug */,
				2D61315028E485D000B36274 /* Release */,
			);
			defaultConfigurationIsVisible = 0;
			defaultConfigurationName = Release;
		};
/* End XCConfigurationList section */
	};
	rootObject = 2D61313928E485CE00B36274 /* Project object */;
}
