// !$*UTF8*$!
{
	archiveVersion = 1;
	classes = {
	};
	objectVersion = 56;
	objects = {

/* Begin PBXBuildFile section */
		2D95D4DA28D4ABE500FEC0C0 /* AppDelegate.m in Sources */ = {isa = PBXBuildFile; fileRef = 2D95D4D928D4ABE500FEC0C0 /* AppDelegate.m */; };
		2D95D4DC28D4ABE700FEC0C0 /* Assets.xcassets in Resources */ = {isa = PBXBuildFile; fileRef = 2D95D4DB28D4ABE700FEC0C0 /* Assets.xcassets */; };
		2D95D4DF28D4ABE700FEC0C0 /* MainMenu.xib in Resources */ = {isa = PBXBuildFile; fileRef = 2D95D4DD28D4ABE700FEC0C0 /* MainMenu.xib */; };
		2D95D4E128D4ABE700FEC0C0 /* main.m in Sources */ = {isa = PBXBuildFile; fileRef = 2D95D4E028D4ABE700FEC0C0 /* main.m */; };
		2D95D4EA28D4AD0500FEC0C0 /* View.m in Sources */ = {isa = PBXBuildFile; fileRef = 2D95D4E928D4AD0500FEC0C0 /* View.m */; };
/* End PBXBuildFile section */

/* Begin PBXFileReference section */
		2D95D4D528D4ABE500FEC0C0 /* Cocoa Pr L71 ObjC.app */ = {isa = PBXFileReference; explicitFileType = wrapper.application; includeInIndex = 0; path = "Cocoa Pr L71 ObjC.app"; sourceTree = BUILT_PRODUCTS_DIR; };
		2D95D4D828D4ABE500FEC0C0 /* AppDelegate.h */ = {isa = PBXFileReference; lastKnownFileType = sourcecode.c.h; path = AppDelegate.h; sourceTree = "<group>"; };
		2D95D4D928D4ABE500FEC0C0 /* AppDelegate.m */ = {isa = PBXFileReference; lastKnownFileType = sourcecode.c.objc; path = AppDelegate.m; sourceTree = "<group>"; };
		2D95D4DB28D4ABE700FEC0C0 /* Assets.xcassets */ = {isa = PBXFileReference; lastKnownFileType = folder.assetcatalog; path = Assets.xcassets; sourceTree = "<group>"; };
		2D95D4DE28D4ABE700FEC0C0 /* Base */ = {isa = PBXFileReference; lastKnownFileType = file.xib; name = Base; path = Base.lproj/MainMenu.xib; sourceTree = "<group>"; };
		2D95D4E028D4ABE700FEC0C0 /* main.m */ = {isa = PBXFileReference; lastKnownFileType = sourcecode.c.objc; path = main.m; sourceTree = "<group>"; };
		2D95D4E228D4ABE700FEC0C0 /* Cocoa_Pr_L71_ObjC.entitlements */ = {isa = PBXFileReference; lastKnownFileType = text.plist.entitlements; path = Cocoa_Pr_L71_ObjC.entitlements; sourceTree = "<group>"; };
		2D95D4E828D4AD0500FEC0C0 /* View.h */ = {isa = PBXFileReference; lastKnownFileType = sourcecode.c.h; path = View.h; sourceTree = "<group>"; };
		2D95D4E928D4AD0500FEC0C0 /* View.m */ = {isa = PBXFileReference; lastKnownFileType = sourcecode.c.objc; path = View.m; sourceTree = "<group>"; };
/* End PBXFileReference section */

/* Begin PBXFrameworksBuildPhase section */
		2D95D4D228D4ABE500FEC0C0 /* Frameworks */ = {
			isa = PBXFrameworksBuildPhase;
			buildActionMask = 2147483647;
			files = (
			);
			runOnlyForDeploymentPostprocessing = 0;
		};
/* End PBXFrameworksBuildPhase section */

/* Begin PBXGroup section */
		2D95D4CC28D4ABE500FEC0C0 = {
			isa = PBXGroup;
			children = (
				2D95D4D728D4ABE500FEC0C0 /* Cocoa Pr L71 ObjC */,
				2D95D4D628D4ABE500FEC0C0 /* Products */,
			);
			sourceTree = "<group>";
		};
		2D95D4D628D4ABE500FEC0C0 /* Products */ = {
			isa = PBXGroup;
			children = (
				2D95D4D528D4ABE500FEC0C0 /* Cocoa Pr L71 ObjC.app */,
			);
			name = Products;
			sourceTree = "<group>";
		};
		2D95D4D728D4ABE500FEC0C0 /* Cocoa Pr L71 ObjC */ = {
			isa = PBXGroup;
			children = (
				2D95D4D828D4ABE500FEC0C0 /* AppDelegate.h */,
				2D95D4D928D4ABE500FEC0C0 /* AppDelegate.m */,
				2D95D4DB28D4ABE700FEC0C0 /* Assets.xcassets */,
				2D95D4DD28D4ABE700FEC0C0 /* MainMenu.xib */,
				2D95D4E828D4AD0500FEC0C0 /* View.h */,
				2D95D4E928D4AD0500FEC0C0 /* View.m */,
				2D95D4E028D4ABE700FEC0C0 /* main.m */,
				2D95D4E228D4ABE700FEC0C0 /* Cocoa_Pr_L71_ObjC.entitlements */,
			);
			path = "Cocoa Pr L71 ObjC";
			sourceTree = "<group>";
		};
/* End PBXGroup section */

/* Begin PBXNativeTarget section */
		2D95D4D428D4ABE500FEC0C0 /* Cocoa Pr L71 ObjC */ = {
			isa = PBXNativeTarget;
			buildConfigurationList = 2D95D4E528D4ABE700FEC0C0 /* Build configuration list for PBXNativeTarget "Cocoa Pr L71 ObjC" */;
			buildPhases = (
				2D95D4D128D4ABE500FEC0C0 /* Sources */,
				2D95D4D228D4ABE500FEC0C0 /* Frameworks */,
				2D95D4D328D4ABE500FEC0C0 /* Resources */,
			);
			buildRules = (
			);
			dependencies = (
			);
			name = "Cocoa Pr L71 ObjC";
			productName = "Cocoa Pr L71 ObjC";
			productReference = 2D95D4D528D4ABE500FEC0C0 /* Cocoa Pr L71 ObjC.app */;
			productType = "com.apple.product-type.application";
		};
/* End PBXNativeTarget section */

/* Begin PBXProject section */
		2D95D4CD28D4ABE500FEC0C0 /* Project object */ = {
			isa = PBXProject;
			attributes = {
				BuildIndependentTargetsInParallel = 1;
				LastUpgradeCheck = 1400;
				TargetAttributes = {
					2D95D4D428D4ABE500FEC0C0 = {
						CreatedOnToolsVersion = 14.0;
					};
				};
			};
			buildConfigurationList = 2D95D4D028D4ABE500FEC0C0 /* Build configuration list for PBXProject "Cocoa Pr L71 ObjC" */;
			compatibilityVersion = "Xcode 14.0";
			developmentRegion = en;
			hasScannedForEncodings = 0;
			knownRegions = (
				en,
				Base,
			);
			mainGroup = 2D95D4CC28D4ABE500FEC0C0;
			productRefGroup = 2D95D4D628D4ABE500FEC0C0 /* Products */;
			projectDirPath = "";
			projectRoot = "";
			targets = (
				2D95D4D428D4ABE500FEC0C0 /* Cocoa Pr L71 ObjC */,
			);
		};
/* End PBXProject section */

/* Begin PBXResourcesBuildPhase section */
		2D95D4D328D4ABE500FEC0C0 /* Resources */ = {
			isa = PBXResourcesBuildPhase;
			buildActionMask = 2147483647;
			files = (
				2D95D4DC28D4ABE700FEC0C0 /* Assets.xcassets in Resources */,
				2D95D4DF28D4ABE700FEC0C0 /* MainMenu.xib in Resources */,
			);
			runOnlyForDeploymentPostprocessing = 0;
		};
/* End PBXResourcesBuildPhase section */

/* Begin PBXSourcesBuildPhase section */
		2D95D4D128D4ABE500FEC0C0 /* Sources */ = {
			isa = PBXSourcesBuildPhase;
			buildActionMask = 2147483647;
			files = (
				2D95D4E128D4ABE700FEC0C0 /* main.m in Sources */,
				2D95D4DA28D4ABE500FEC0C0 /* AppDelegate.m in Sources */,
				2D95D4EA28D4AD0500FEC0C0 /* View.m in Sources */,
			);
			runOnlyForDeploymentPostprocessing = 0;
		};
/* End PBXSourcesBuildPhase section */

/* Begin PBXVariantGroup section */
		2D95D4DD28D4ABE700FEC0C0 /* MainMenu.xib */ = {
			isa = PBXVariantGroup;
			children = (
				2D95D4DE28D4ABE700FEC0C0 /* Base */,
			);
			name = MainMenu.xib;
			sourceTree = "<group>";
		};
/* End PBXVariantGroup section */

/* Begin XCBuildConfiguration section */
		2D95D4E328D4ABE700FEC0C0 /* Debug */ = {
			isa = XCBuildConfiguration;
			buildSettings = {
				ALWAYS_SEARCH_USER_PATHS = NO;
				CLANG_ANALYZER_NONNULL = YES;
				CLANG_ANALYZER_NUMBER_OBJECT_CONVERSION = YES_AGGRESSIVE;
				CLANG_CXX_LANGUAGE_STANDARD = "gnu++20";
				CLANG_ENABLE_MODULES = YES;
				CLANG_ENABLE_OBJC_ARC = YES;
				CLANG_ENABLE_OBJC_WEAK = YES;
				CLANG_WARN_BLOCK_CAPTURE_AUTORELEASING = YES;
				CLANG_WARN_BOOL_CONVERSION = YES;
				CLANG_WARN_COMMA = YES;
				CLANG_WARN_CONSTANT_CONVERSION = YES;
				CLANG_WARN_DEPRECATED_OBJC_IMPLEMENTATIONS = YES;
				CLANG_WARN_DIRECT_OBJC_ISA_USAGE = YES_ERROR;
				CLANG_WARN_DOCUMENTATION_COMMENTS = YES;
				CLANG_WARN_EMPTY_BODY = YES;
				CLANG_WARN_ENUM_CONVERSION = YES;
				CLANG_WARN_INFINITE_RECURSION = YES;
				CLANG_WARN_INT_CONVERSION = YES;
				CLANG_WARN_NON_LITERAL_NULL_CONVERSION = YES;
				CLANG_WARN_OBJC_IMPLICIT_RETAIN_SELF = YES;
				CLANG_WARN_OBJC_LITERAL_CONVERSION = YES;
				CLANG_WARN_OBJC_ROOT_CLASS = YES_ERROR;
				CLANG_WARN_QUOTED_INCLUDE_IN_FRAMEWORK_HEADER = YES;
				CLANG_WARN_RANGE_LOOP_ANALYSIS = YES;
				CLANG_WARN_STRICT_PROTOTYPES = YES;
				CLANG_WARN_SUSPICIOUS_MOVE = YES;
				CLANG_WARN_UNGUARDED_AVAILABILITY = YES_AGGRESSIVE;
				CLANG_WARN_UNREACHABLE_CODE = YES;
				CLANG_WARN__DUPLICATE_METHOD_MATCH = YES;
				COPY_PHASE_STRIP = NO;
				DEBUG_INFORMATION_FORMAT = dwarf;
				ENABLE_STRICT_OBJC_MSGSEND = YES;
				ENABLE_TESTABILITY = YES;
				GCC_C_LANGUAGE_STANDARD = gnu11;
				GCC_DYNAMIC_NO_PIC = NO;
				GCC_NO_COMMON_BLOCKS = YES;
				GCC_OPTIMIZATION_LEVEL = 0;
				GCC_PREPROCESSOR_DEFINITIONS = (
					"DEBUG=1",
					"$(inherited)",
				);
				GCC_WARN_64_TO_32_BIT_CONVERSION = YES;
				GCC_WARN_ABOUT_RETURN_TYPE = YES_ERROR;
				GCC_WARN_UNDECLARED_SELECTOR = YES;
				GCC_WARN_UNINITIALIZED_AUTOS = YES_AGGRESSIVE;
				GCC_WARN_UNUSED_FUNCTION = YES;
				GCC_WARN_UNUSED_VARIABLE = YES;
				MACOSX_DEPLOYMENT_TARGET = 12.3;
				MTL_ENABLE_DEBUG_INFO = INCLUDE_SOURCE;
				MTL_FAST_MATH = YES;
				ONLY_ACTIVE_ARCH = YES;
				SDKROOT = macosx;
			};
			name = Debug;
		};
		2D95D4E428D4ABE700FEC0C0 /* Release */ = {
			isa = XCBuildConfiguration;
			buildSettings = {
				ALWAYS_SEARCH_USER_PATHS = NO;
				CLANG_ANALYZER_NONNULL = YES;
				CLANG_ANALYZER_NUMBER_OBJECT_CONVERSION = YES_AGGRESSIVE;
				CLANG_CXX_LANGUAGE_STANDARD = "gnu++20";
				CLANG_ENABLE_MODULES = YES;
				CLANG_ENABLE_OBJC_ARC = YES;
				CLANG_ENABLE_OBJC_WEAK = YES;
				CLANG_WARN_BLOCK_CAPTURE_AUTORELEASING = YES;
				CLANG_WARN_BOOL_CONVERSION = YES;
				CLANG_WARN_COMMA = YES;
				CLANG_WARN_CONSTANT_CONVERSION = YES;
				CLANG_WARN_DEPRECATED_OBJC_IMPLEMENTATIONS = YES;
				CLANG_WARN_DIRECT_OBJC_ISA_USAGE = YES_ERROR;
				CLANG_WARN_DOCUMENTATION_COMMENTS = YES;
				CLANG_WARN_EMPTY_BODY = YES;
				CLANG_WARN_ENUM_CONVERSION = YES;
				CLANG_WARN_INFINITE_RECURSION = YES;
				CLANG_WARN_INT_CONVERSION = YES;
				CLANG_WARN_NON_LITERAL_NULL_CONVERSION = YES;
				CLANG_WARN_OBJC_IMPLICIT_RETAIN_SELF = YES;
				CLANG_WARN_OBJC_LITERAL_CONVERSION = YES;
				CLANG_WARN_OBJC_ROOT_CLASS = YES_ERROR;
				CLANG_WARN_QUOTED_INCLUDE_IN_FRAMEWORK_HEADER = YES;
				CLANG_WARN_RANGE_LOOP_ANALYSIS = YES;
				CLANG_WARN_STRICT_PROTOTYPES = YES;
				CLANG_WARN_SUSPICIOUS_MOVE = YES;
				CLANG_WARN_UNGUARDED_AVAILABILITY = YES_AGGRESSIVE;
				CLANG_WARN_UNREACHABLE_CODE = YES;
				CLANG_WARN__DUPLICATE_METHOD_MATCH = YES;
				COPY_PHASE_STRIP = NO;
				DEBUG_INFORMATION_FORMAT = "dwarf-with-dsym";
				ENABLE_NS_ASSERTIONS = NO;
				ENABLE_STRICT_OBJC_MSGSEND = YES;
				GCC_C_LANGUAGE_STANDARD = gnu11;
				GCC_NO_COMMON_BLOCKS = YES;
				GCC_WARN_64_TO_32_BIT_CONVERSION = YES;
				GCC_WARN_ABOUT_RETURN_TYPE = YES_ERROR;
				GCC_WARN_UNDECLARED_SELECTOR = YES;
				GCC_WARN_UNINITIALIZED_AUTOS = YES_AGGRESSIVE;
				GCC_WARN_UNUSED_FUNCTION = YES;
				GCC_WARN_UNUSED_VARIABLE = YES;
				MACOSX_DEPLOYMENT_TARGET = 12.3;
				MTL_ENABLE_DEBUG_INFO = NO;
				MTL_FAST_MATH = YES;
				SDKROOT = macosx;
			};
			name = Release;
		};
		2D95D4E628D4ABE700FEC0C0 /* Debug */ = {
			isa = XCBuildConfiguration;
			buildSettings = {
				ASSETCATALOG_COMPILER_APPICON_NAME = AppIcon;
				ASSETCATALOG_COMPILER_GLOBAL_ACCENT_COLOR_NAME = AccentColor;
				CODE_SIGN_ENTITLEMENTS = "Cocoa Pr L71 ObjC/Cocoa_Pr_L71_ObjC.entitlements";
				CODE_SIGN_STYLE = Automatic;
				COMBINE_HIDPI_IMAGES = YES;
				CURRENT_PROJECT_VERSION = 1;
				DEVELOPMENT_TEAM = 68Z4323Q26;
				ENABLE_HARDENED_RUNTIME = YES;
				GENERATE_INFOPLIST_FILE = YES;
				INFOPLIST_KEY_NSHumanReadableCopyright = "";
				INFOPLIST_KEY_NSMainNibFile = MainMenu;
				INFOPLIST_KEY_NSPrincipalClass = NSApplication;
				LD_RUNPATH_SEARCH_PATHS = (
					"$(inherited)",
					"@executable_path/../Frameworks",
				);
				MARKETING_VERSION = 1.0;
				PRODUCT_BUNDLE_IDENTIFIER = "com.michelegalvagno.Cocoa-Pr-L71-ObjC";
				PRODUCT_NAME = "$(TARGET_NAME)";
				SWIFT_EMIT_LOC_STRINGS = YES;
			};
			name = Debug;
		};
		2D95D4E728D4ABE700FEC0C0 /* Release */ = {
			isa = XCBuildConfiguration;
			buildSettings = {
				ASSETCATALOG_COMPILER_APPICON_NAME = AppIcon;
				ASSETCATALOG_COMPILER_GLOBAL_ACCENT_COLOR_NAME = AccentColor;
				CODE_SIGN_ENTITLEMENTS = "Cocoa Pr L71 ObjC/Cocoa_Pr_L71_ObjC.entitlements";
				CODE_SIGN_STYLE = Automatic;
				COMBINE_HIDPI_IMAGES = YES;
				CURRENT_PROJECT_VERSION = 1;
				DEVELOPMENT_TEAM = 68Z4323Q26;
				ENABLE_HARDENED_RUNTIME = YES;
				GENERATE_INFOPLIST_FILE = YES;
				INFOPLIST_KEY_NSHumanReadableCopyright = "";
				INFOPLIST_KEY_NSMainNibFile = MainMenu;
				INFOPLIST_KEY_NSPrincipalClass = NSApplication;
				LD_RUNPATH_SEARCH_PATHS = (
					"$(inherited)",
					"@executable_path/../Frameworks",
				);
				MARKETING_VERSION = 1.0;
				PRODUCT_BUNDLE_IDENTIFIER = "com.michelegalvagno.Cocoa-Pr-L71-ObjC";
				PRODUCT_NAME = "$(TARGET_NAME)";
				SWIFT_EMIT_LOC_STRINGS = YES;
			};
			name = Release;
		};
/* End XCBuildConfiguration section */

/* Begin XCConfigurationList section */
		2D95D4D028D4ABE500FEC0C0 /* Build configuration list for PBXProject "Cocoa Pr L71 ObjC" */ = {
			isa = XCConfigurationList;
			buildConfigurations = (
				2D95D4E328D4ABE700FEC0C0 /* Debug */,
				2D95D4E428D4ABE700FEC0C0 /* Release */,
			);
			defaultConfigurationIsVisible = 0;
			defaultConfigurationName = Release;
		};
		2D95D4E528D4ABE700FEC0C0 /* Build configuration list for PBXNativeTarget "Cocoa Pr L71 ObjC" */ = {
			isa = XCConfigurationList;
			buildConfigurations = (
				2D95D4E628D4ABE700FEC0C0 /* Debug */,
				2D95D4E728D4ABE700FEC0C0 /* Release */,
			);
			defaultConfigurationIsVisible = 0;
			defaultConfigurationName = Release;
		};
/* End XCConfigurationList section */
	};
	rootObject = 2D95D4CD28D4ABE500FEC0C0 /* Project object */;
}
