// !$*UTF8*$!
{
	archiveVersion = 1;
	classes = {
	};
	objectVersion = 56;
	objects = {

/* Begin PBXBuildFile section */
		2DFA233C2953305F00F669B9 /* AppDelegate.swift in Sources */ = {isa = PBXBuildFile; fileRef = 2DFA233B2953305F00F669B9 /* AppDelegate.swift */; };
		2DFA233E2953306100F669B9 /* Assets.xcassets in Resources */ = {isa = PBXBuildFile; fileRef = 2DFA233D2953306100F669B9 /* Assets.xcassets */; };
		2DFA23412953306100F669B9 /* MainMenu.xib in Resources */ = {isa = PBXBuildFile; fileRef = 2DFA233F2953306100F669B9 /* MainMenu.xib */; };
		2DFA234A295330AE00F669B9 /* ViewController.swift in Sources */ = {isa = PBXBuildFile; fileRef = 2DFA2348295330AE00F669B9 /* ViewController.swift */; };
		2DFA234B295330AE00F669B9 /* ViewController.xib in Resources */ = {isa = PBXBuildFile; fileRef = 2DFA2349295330AE00F669B9 /* ViewController.xib */; };
		2DFA234D295330F200F669B9 /* ButtonLabelCell.swift in Sources */ = {isa = PBXBuildFile; fileRef = 2DFA234C295330F200F669B9 /* ButtonLabelCell.swift */; };
/* End PBXBuildFile section */

/* Begin PBXFileReference section */
		2DFA23382953305F00F669B9 /* Cocoa Pr L95 Multicolumn NSTableView.app */ = {isa = PBXFileReference; explicitFileType = wrapper.application; includeInIndex = 0; path = "Cocoa Pr L95 Multicolumn NSTableView.app"; sourceTree = BUILT_PRODUCTS_DIR; };
		2DFA233B2953305F00F669B9 /* AppDelegate.swift */ = {isa = PBXFileReference; lastKnownFileType = sourcecode.swift; path = AppDelegate.swift; sourceTree = "<group>"; };
		2DFA233D2953306100F669B9 /* Assets.xcassets */ = {isa = PBXFileReference; lastKnownFileType = folder.assetcatalog; path = Assets.xcassets; sourceTree = "<group>"; };
		2DFA23402953306100F669B9 /* Base */ = {isa = PBXFileReference; lastKnownFileType = file.xib; name = Base; path = Base.lproj/MainMenu.xib; sourceTree = "<group>"; };
		2DFA23422953306100F669B9 /* Cocoa_Pr_L95_Multicolumn_NSTableView.entitlements */ = {isa = PBXFileReference; lastKnownFileType = text.plist.entitlements; path = Cocoa_Pr_L95_Multicolumn_NSTableView.entitlements; sourceTree = "<group>"; };
		2DFA2348295330AE00F669B9 /* ViewController.swift */ = {isa = PBXFileReference; lastKnownFileType = sourcecode.swift; path = ViewController.swift; sourceTree = "<group>"; };
		2DFA2349295330AE00F669B9 /* ViewController.xib */ = {isa = PBXFileReference; lastKnownFileType = file.xib; path = ViewController.xib; sourceTree = "<group>"; };
		2DFA234C295330F200F669B9 /* ButtonLabelCell.swift */ = {isa = PBXFileReference; lastKnownFileType = sourcecode.swift; path = ButtonLabelCell.swift; sourceTree = "<group>"; };
/* End PBXFileReference section */

/* Begin PBXFrameworksBuildPhase section */
		2DFA23352953305F00F669B9 /* Frameworks */ = {
			isa = PBXFrameworksBuildPhase;
			buildActionMask = 2147483647;
			files = (
			);
			runOnlyForDeploymentPostprocessing = 0;
		};
/* End PBXFrameworksBuildPhase section */

/* Begin PBXGroup section */
		2DFA232F2953305F00F669B9 = {
			isa = PBXGroup;
			children = (
				2DFA233A2953305F00F669B9 /* Cocoa Pr L95 Multicolumn NSTableView */,
				2DFA23392953305F00F669B9 /* Products */,
			);
			sourceTree = "<group>";
		};
		2DFA23392953305F00F669B9 /* Products */ = {
			isa = PBXGroup;
			children = (
				2DFA23382953305F00F669B9 /* Cocoa Pr L95 Multicolumn NSTableView.app */,
			);
			name = Products;
			sourceTree = "<group>";
		};
		2DFA233A2953305F00F669B9 /* Cocoa Pr L95 Multicolumn NSTableView */ = {
			isa = PBXGroup;
			children = (
				2DFA2348295330AE00F669B9 /* ViewController.swift */,
				2DFA2349295330AE00F669B9 /* ViewController.xib */,
				2DFA233B2953305F00F669B9 /* AppDelegate.swift */,
				2DFA234C295330F200F669B9 /* ButtonLabelCell.swift */,
				2DFA233D2953306100F669B9 /* Assets.xcassets */,
				2DFA233F2953306100F669B9 /* MainMenu.xib */,
				2DFA23422953306100F669B9 /* Cocoa_Pr_L95_Multicolumn_NSTableView.entitlements */,
			);
			path = "Cocoa Pr L95 Multicolumn NSTableView";
			sourceTree = "<group>";
		};
/* End PBXGroup section */

/* Begin PBXNativeTarget section */
		2DFA23372953305F00F669B9 /* Cocoa Pr L95 Multicolumn NSTableView */ = {
			isa = PBXNativeTarget;
			buildConfigurationList = 2DFA23452953306100F669B9 /* Build configuration list for PBXNativeTarget "Cocoa Pr L95 Multicolumn NSTableView" */;
			buildPhases = (
				2DFA23342953305F00F669B9 /* Sources */,
				2DFA23352953305F00F669B9 /* Frameworks */,
				2DFA23362953305F00F669B9 /* Resources */,
			);
			buildRules = (
			);
			dependencies = (
			);
			name = "Cocoa Pr L95 Multicolumn NSTableView";
			productName = "Cocoa Pr L95 Multicolumn NSTableView";
			productReference = 2DFA23382953305F00F669B9 /* Cocoa Pr L95 Multicolumn NSTableView.app */;
			productType = "com.apple.product-type.application";
		};
/* End PBXNativeTarget section */

/* Begin PBXProject section */
		2DFA23302953305F00F669B9 /* Project object */ = {
			isa = PBXProject;
			attributes = {
				BuildIndependentTargetsInParallel = 1;
				LastSwiftUpdateCheck = 1420;
				LastUpgradeCheck = 1420;
				TargetAttributes = {
					2DFA23372953305F00F669B9 = {
						CreatedOnToolsVersion = 14.2;
					};
				};
			};
			buildConfigurationList = 2DFA23332953305F00F669B9 /* Build configuration list for PBXProject "Cocoa Pr L95 Multicolumn NSTableView" */;
			compatibilityVersion = "Xcode 14.0";
			developmentRegion = en;
			hasScannedForEncodings = 0;
			knownRegions = (
				en,
				Base,
			);
			mainGroup = 2DFA232F2953305F00F669B9;
			productRefGroup = 2DFA23392953305F00F669B9 /* Products */;
			projectDirPath = "";
			projectRoot = "";
			targets = (
				2DFA23372953305F00F669B9 /* Cocoa Pr L95 Multicolumn NSTableView */,
			);
		};
/* End PBXProject section */

/* Begin PBXResourcesBuildPhase section */
		2DFA23362953305F00F669B9 /* Resources */ = {
			isa = PBXResourcesBuildPhase;
			buildActionMask = 2147483647;
			files = (
				2DFA233E2953306100F669B9 /* Assets.xcassets in Resources */,
				2DFA234B295330AE00F669B9 /* ViewController.xib in Resources */,
				2DFA23412953306100F669B9 /* MainMenu.xib in Resources */,
			);
			runOnlyForDeploymentPostprocessing = 0;
		};
/* End PBXResourcesBuildPhase section */

/* Begin PBXSourcesBuildPhase section */
		2DFA23342953305F00F669B9 /* Sources */ = {
			isa = PBXSourcesBuildPhase;
			buildActionMask = 2147483647;
			files = (
				2DFA234D295330F200F669B9 /* ButtonLabelCell.swift in Sources */,
				2DFA234A295330AE00F669B9 /* ViewController.swift in Sources */,
				2DFA233C2953305F00F669B9 /* AppDelegate.swift in Sources */,
			);
			runOnlyForDeploymentPostprocessing = 0;
		};
/* End PBXSourcesBuildPhase section */

/* Begin PBXVariantGroup section */
		2DFA233F2953306100F669B9 /* MainMenu.xib */ = {
			isa = PBXVariantGroup;
			children = (
				2DFA23402953306100F669B9 /* Base */,
			);
			name = MainMenu.xib;
			sourceTree = "<group>";
		};
/* End PBXVariantGroup section */

/* Begin XCBuildConfiguration section */
		2DFA23432953306100F669B9 /* Debug */ = {
			isa = XCBuildConfiguration;
			buildSettings = {
				ALWAYS_SEARCH_USER_PATHS = NO;
				CLANG_ANALYZER_NONNULL = YES;
				CLANG_ANALYZER_NUMBER_OBJECT_CONVERSION = YES_AGGRESSIVE;
				CLANG_CXX_LANGUAGE_STANDARD = "gnu++20";
				CLANG_ENABLE_MODULES = YES;
				CLANG_ENABLE_OBJC_ARC = YES;
				CLANG_ENABLE_OBJC_WEAK = YES;
				CLANG_WARN_BLOCK_CAPTURE_AUTORELEASING = YES;
				CLANG_WARN_BOOL_CONVERSION = YES;
				CLANG_WARN_COMMA = YES;
				CLANG_WARN_CONSTANT_CONVERSION = YES;
				CLANG_WARN_DEPRECATED_OBJC_IMPLEMENTATIONS = YES;
				CLANG_WARN_DIRECT_OBJC_ISA_USAGE = YES_ERROR;
				CLANG_WARN_DOCUMENTATION_COMMENTS = YES;
				CLANG_WARN_EMPTY_BODY = YES;
				CLANG_WARN_ENUM_CONVERSION = YES;
				CLANG_WARN_INFINITE_RECURSION = YES;
				CLANG_WARN_INT_CONVERSION = YES;
				CLANG_WARN_NON_LITERAL_NULL_CONVERSION = YES;
				CLANG_WARN_OBJC_IMPLICIT_RETAIN_SELF = YES;
				CLANG_WARN_OBJC_LITERAL_CONVERSION = YES;
				CLANG_WARN_OBJC_ROOT_CLASS = YES_ERROR;
				CLANG_WARN_QUOTED_INCLUDE_IN_FRAMEWORK_HEADER = YES;
				CLANG_WARN_RANGE_LOOP_ANALYSIS = YES;
				CLANG_WARN_STRICT_PROTOTYPES = YES;
				CLANG_WARN_SUSPICIOUS_MOVE = YES;
				CLANG_WARN_UNGUARDED_AVAILABILITY = YES_AGGRESSIVE;
				CLANG_WARN_UNREACHABLE_CODE = YES;
				CLANG_WARN__DUPLICATE_METHOD_MATCH = YES;
				COPY_PHASE_STRIP = NO;
				DEBUG_INFORMATION_FORMAT = dwarf;
				ENABLE_STRICT_OBJC_MSGSEND = YES;
				ENABLE_TESTABILITY = YES;
				GCC_C_LANGUAGE_STANDARD = gnu11;
				GCC_DYNAMIC_NO_PIC = NO;
				GCC_NO_COMMON_BLOCKS = YES;
				GCC_OPTIMIZATION_LEVEL = 0;
				GCC_PREPROCESSOR_DEFINITIONS = (
					"DEBUG=1",
					"$(inherited)",
				);
				GCC_WARN_64_TO_32_BIT_CONVERSION = YES;
				GCC_WARN_ABOUT_RETURN_TYPE = YES_ERROR;
				GCC_WARN_UNDECLARED_SELECTOR = YES;
				GCC_WARN_UNINITIALIZED_AUTOS = YES_AGGRESSIVE;
				GCC_WARN_UNUSED_FUNCTION = YES;
				GCC_WARN_UNUSED_VARIABLE = YES;
				MACOSX_DEPLOYMENT_TARGET = 12.6;
				MTL_ENABLE_DEBUG_INFO = INCLUDE_SOURCE;
				MTL_FAST_MATH = YES;
				ONLY_ACTIVE_ARCH = YES;
				SDKROOT = macosx;
				SWIFT_ACTIVE_COMPILATION_CONDITIONS = DEBUG;
				SWIFT_OPTIMIZATION_LEVEL = "-Onone";
			};
			name = Debug;
		};
		2DFA23442953306100F669B9 /* Release */ = {
			isa = XCBuildConfiguration;
			buildSettings = {
				ALWAYS_SEARCH_USER_PATHS = NO;
				CLANG_ANALYZER_NONNULL = YES;
				CLANG_ANALYZER_NUMBER_OBJECT_CONVERSION = YES_AGGRESSIVE;
				CLANG_CXX_LANGUAGE_STANDARD = "gnu++20";
				CLANG_ENABLE_MODULES = YES;
				CLANG_ENABLE_OBJC_ARC = YES;
				CLANG_ENABLE_OBJC_WEAK = YES;
				CLANG_WARN_BLOCK_CAPTURE_AUTORELEASING = YES;
				CLANG_WARN_BOOL_CONVERSION = YES;
				CLANG_WARN_COMMA = YES;
				CLANG_WARN_CONSTANT_CONVERSION = YES;
				CLANG_WARN_DEPRECATED_OBJC_IMPLEMENTATIONS = YES;
				CLANG_WARN_DIRECT_OBJC_ISA_USAGE = YES_ERROR;
				CLANG_WARN_DOCUMENTATION_COMMENTS = YES;
				CLANG_WARN_EMPTY_BODY = YES;
				CLANG_WARN_ENUM_CONVERSION = YES;
				CLANG_WARN_INFINITE_RECURSION = YES;
				CLANG_WARN_INT_CONVERSION = YES;
				CLANG_WARN_NON_LITERAL_NULL_CONVERSION = YES;
				CLANG_WARN_OBJC_IMPLICIT_RETAIN_SELF = YES;
				CLANG_WARN_OBJC_LITERAL_CONVERSION = YES;
				CLANG_WARN_OBJC_ROOT_CLASS = YES_ERROR;
				CLANG_WARN_QUOTED_INCLUDE_IN_FRAMEWORK_HEADER = YES;
				CLANG_WARN_RANGE_LOOP_ANALYSIS = YES;
				CLANG_WARN_STRICT_PROTOTYPES = YES;
				CLANG_WARN_SUSPICIOUS_MOVE = YES;
				CLANG_WARN_UNGUARDED_AVAILABILITY = YES_AGGRESSIVE;
				CLANG_WARN_UNREACHABLE_CODE = YES;
				CLANG_WARN__DUPLICATE_METHOD_MATCH = YES;
				COPY_PHASE_STRIP = NO;
				DEBUG_INFORMATION_FORMAT = "dwarf-with-dsym";
				ENABLE_NS_ASSERTIONS = NO;
				ENABLE_STRICT_OBJC_MSGSEND = YES;
				GCC_C_LANGUAGE_STANDARD = gnu11;
				GCC_NO_COMMON_BLOCKS = YES;
				GCC_WARN_64_TO_32_BIT_CONVERSION = YES;
				GCC_WARN_ABOUT_RETURN_TYPE = YES_ERROR;
				GCC_WARN_UNDECLARED_SELECTOR = YES;
				GCC_WARN_UNINITIALIZED_AUTOS = YES_AGGRESSIVE;
				GCC_WARN_UNUSED_FUNCTION = YES;
				GCC_WARN_UNUSED_VARIABLE = YES;
				MACOSX_DEPLOYMENT_TARGET = 12.6;
				MTL_ENABLE_DEBUG_INFO = NO;
				MTL_FAST_MATH = YES;
				SDKROOT = macosx;
				SWIFT_COMPILATION_MODE = wholemodule;
				SWIFT_OPTIMIZATION_LEVEL = "-O";
			};
			name = Release;
		};
		2DFA23462953306100F669B9 /* Debug */ = {
			isa = XCBuildConfiguration;
			buildSettings = {
				ASSETCATALOG_COMPILER_APPICON_NAME = AppIcon;
				ASSETCATALOG_COMPILER_GLOBAL_ACCENT_COLOR_NAME = AccentColor;
				CODE_SIGN_ENTITLEMENTS = "Cocoa Pr L95 Multicolumn NSTableView/Cocoa_Pr_L95_Multicolumn_NSTableView.entitlements";
				CODE_SIGN_STYLE = Automatic;
				COMBINE_HIDPI_IMAGES = YES;
				CURRENT_PROJECT_VERSION = 1;
				DEVELOPMENT_TEAM = 68Z4323Q26;
				ENABLE_HARDENED_RUNTIME = YES;
				GENERATE_INFOPLIST_FILE = YES;
				INFOPLIST_KEY_NSHumanReadableCopyright = "";
				INFOPLIST_KEY_NSMainNibFile = MainMenu;
				INFOPLIST_KEY_NSPrincipalClass = NSApplication;
				LD_RUNPATH_SEARCH_PATHS = (
					"$(inherited)",
					"@executable_path/../Frameworks",
				);
				MARKETING_VERSION = 1.0;
				PRODUCT_BUNDLE_IDENTIFIER = "com.michelegalvagno.Cocoa-Pr-L95-Multicolumn-NSTableView";
				PRODUCT_NAME = "$(TARGET_NAME)";
				SWIFT_EMIT_LOC_STRINGS = YES;
				SWIFT_VERSION = 5.0;
			};
			name = Debug;
		};
		2DFA23472953306100F669B9 /* Release */ = {
			isa = XCBuildConfiguration;
			buildSettings = {
				ASSETCATALOG_COMPILER_APPICON_NAME = AppIcon;
				ASSETCATALOG_COMPILER_GLOBAL_ACCENT_COLOR_NAME = AccentColor;
				CODE_SIGN_ENTITLEMENTS = "Cocoa Pr L95 Multicolumn NSTableView/Cocoa_Pr_L95_Multicolumn_NSTableView.entitlements";
				CODE_SIGN_STYLE = Automatic;
				COMBINE_HIDPI_IMAGES = YES;
				CURRENT_PROJECT_VERSION = 1;
				DEVELOPMENT_TEAM = 68Z4323Q26;
				ENABLE_HARDENED_RUNTIME = YES;
				GENERATE_INFOPLIST_FILE = YES;
				INFOPLIST_KEY_NSHumanReadableCopyright = "";
				INFOPLIST_KEY_NSMainNibFile = MainMenu;
				INFOPLIST_KEY_NSPrincipalClass = NSApplication;
				LD_RUNPATH_SEARCH_PATHS = (
					"$(inherited)",
					"@executable_path/../Frameworks",
				);
				MARKETING_VERSION = 1.0;
				PRODUCT_BUNDLE_IDENTIFIER = "com.michelegalvagno.Cocoa-Pr-L95-Multicolumn-NSTableView";
				PRODUCT_NAME = "$(TARGET_NAME)";
				SWIFT_EMIT_LOC_STRINGS = YES;
				SWIFT_VERSION = 5.0;
			};
			name = Release;
		};
/* End XCBuildConfiguration section */

/* Begin XCConfigurationList section */
		2DFA23332953305F00F669B9 /* Build configuration list for PBXProject "Cocoa Pr L95 Multicolumn NSTableView" */ = {
			isa = XCConfigurationList;
			buildConfigurations = (
				2DFA23432953306100F669B9 /* Debug */,
				2DFA23442953306100F669B9 /* Release */,
			);
			defaultConfigurationIsVisible = 0;
			defaultConfigurationName = Release;
		};
		2DFA23452953306100F669B9 /* Build configuration list for PBXNativeTarget "Cocoa Pr L95 Multicolumn NSTableView" */ = {
			isa = XCConfigurationList;
			buildConfigurations = (
				2DFA23462953306100F669B9 /* Debug */,
				2DFA23472953306100F669B9 /* Release */,
			);
			defaultConfigurationIsVisible = 0;
			defaultConfigurationName = Release;
		};
/* End XCConfigurationList section */
	};
	rootObject = 2DFA23302953305F00F669B9 /* Project object */;
}
